// !$*UTF8*$!
{
	archiveVersion = 1;
	classes = {
	};
	objectVersion = 56;
	objects = {

/* Begin PBXBuildFile section */
		53EFB3F22BDF327F00C8FEA9 /* RemoteConfigApp.swift in Sources */ = {isa = PBXBuildFile; fileRef = 53EFB3F12BDF327F00C8FEA9 /* RemoteConfigApp.swift */; };
		53EFB3F42BDF327F00C8FEA9 /* ContentView.swift in Sources */ = {isa = PBXBuildFile; fileRef = 53EFB3F32BDF327F00C8FEA9 /* ContentView.swift */; };
		53EFB3F62BDF328100C8FEA9 /* Assets.xcassets in Resources */ = {isa = PBXBuildFile; fileRef = 53EFB3F52BDF328100C8FEA9 /* Assets.xcassets */; };
		53EFB3F92BDF328100C8FEA9 /* Preview Assets.xcassets in Resources */ = {isa = PBXBuildFile; fileRef = 53EFB3F82BDF328100C8FEA9 /* Preview Assets.xcassets */; };
		53EFB4012BDF3A4800C8FEA9 /* GoogleService-Info.plist in Resources */ = {isa = PBXBuildFile; fileRef = 53EFB4002BDF3A4800C8FEA9 /* GoogleService-Info.plist */; };
		53EFB4042BDF3E2000C8FEA9 /* FirebaseAnalytics in Frameworks */ = {isa = PBXBuildFile; productRef = 53EFB4032BDF3E2000C8FEA9 /* FirebaseAnalytics */; };
		53EFB4062BDF3E2000C8FEA9 /* FirebaseAnalyticsOnDeviceConversion in Frameworks */ = {isa = PBXBuildFile; productRef = 53EFB4052BDF3E2000C8FEA9 /* FirebaseAnalyticsOnDeviceConversion */; };
		53EFB4082BDF3E2000C8FEA9 /* FirebaseAnalyticsSwift in Frameworks */ = {isa = PBXBuildFile; productRef = 53EFB4072BDF3E2000C8FEA9 /* FirebaseAnalyticsSwift */; };
		53EFB40A2BDF3E2000C8FEA9 /* FirebaseAnalyticsWithoutAdIdSupport in Frameworks */ = {isa = PBXBuildFile; productRef = 53EFB4092BDF3E2000C8FEA9 /* FirebaseAnalyticsWithoutAdIdSupport */; };
		53EFB40C2BDF3E2000C8FEA9 /* FirebaseAppCheck in Frameworks */ = {isa = PBXBuildFile; productRef = 53EFB40B2BDF3E2000C8FEA9 /* FirebaseAppCheck */; };
		53EFB40E2BDF3E2000C8FEA9 /* FirebaseAppDistribution-Beta in Frameworks */ = {isa = PBXBuildFile; productRef = 53EFB40D2BDF3E2000C8FEA9 /* FirebaseAppDistribution-Beta */; };
		53EFB4102BDF3E2000C8FEA9 /* FirebaseAuth in Frameworks */ = {isa = PBXBuildFile; productRef = 53EFB40F2BDF3E2000C8FEA9 /* FirebaseAuth */; };
		53EFB4122BDF3E2000C8FEA9 /* FirebaseAuthCombine-Community in Frameworks */ = {isa = PBXBuildFile; productRef = 53EFB4112BDF3E2000C8FEA9 /* FirebaseAuthCombine-Community */; };
		53EFB4142BDF3E2000C8FEA9 /* FirebaseCrashlytics in Frameworks */ = {isa = PBXBuildFile; productRef = 53EFB4132BDF3E2000C8FEA9 /* FirebaseCrashlytics */; };
		53EFB4162BDF3E2000C8FEA9 /* FirebaseDatabase in Frameworks */ = {isa = PBXBuildFile; productRef = 53EFB4152BDF3E2000C8FEA9 /* FirebaseDatabase */; };
		53EFB4182BDF3E2000C8FEA9 /* FirebaseDatabaseSwift in Frameworks */ = {isa = PBXBuildFile; productRef = 53EFB4172BDF3E2000C8FEA9 /* FirebaseDatabaseSwift */; };
		53EFB41A2BDF3E2000C8FEA9 /* FirebaseDynamicLinks in Frameworks */ = {isa = PBXBuildFile; productRef = 53EFB4192BDF3E2000C8FEA9 /* FirebaseDynamicLinks */; };
		53EFB41C2BDF3E2000C8FEA9 /* FirebaseFirestore in Frameworks */ = {isa = PBXBuildFile; productRef = 53EFB41B2BDF3E2000C8FEA9 /* FirebaseFirestore */; };
		53EFB41E2BDF3E2000C8FEA9 /* FirebaseFirestoreCombine-Community in Frameworks */ = {isa = PBXBuildFile; productRef = 53EFB41D2BDF3E2000C8FEA9 /* FirebaseFirestoreCombine-Community */; };
		53EFB4202BDF3E2000C8FEA9 /* FirebaseFirestoreSwift in Frameworks */ = {isa = PBXBuildFile; productRef = 53EFB41F2BDF3E2000C8FEA9 /* FirebaseFirestoreSwift */; };
		53EFB4222BDF3E2000C8FEA9 /* FirebaseFunctions in Frameworks */ = {isa = PBXBuildFile; productRef = 53EFB4212BDF3E2000C8FEA9 /* FirebaseFunctions */; };
		53EFB4242BDF3E2000C8FEA9 /* FirebaseFunctionsCombine-Community in Frameworks */ = {isa = PBXBuildFile; productRef = 53EFB4232BDF3E2000C8FEA9 /* FirebaseFunctionsCombine-Community */; };
		53EFB4262BDF3E2000C8FEA9 /* FirebaseInAppMessaging-Beta in Frameworks */ = {isa = PBXBuildFile; productRef = 53EFB4252BDF3E2000C8FEA9 /* FirebaseInAppMessaging-Beta */; };
		53EFB4282BDF3E2000C8FEA9 /* FirebaseInAppMessagingSwift-Beta in Frameworks */ = {isa = PBXBuildFile; productRef = 53EFB4272BDF3E2000C8FEA9 /* FirebaseInAppMessagingSwift-Beta */; };
		53EFB42A2BDF3E2000C8FEA9 /* FirebaseInstallations in Frameworks */ = {isa = PBXBuildFile; productRef = 53EFB4292BDF3E2000C8FEA9 /* FirebaseInstallations */; };
		53EFB42C2BDF3E2000C8FEA9 /* FirebaseMessaging in Frameworks */ = {isa = PBXBuildFile; productRef = 53EFB42B2BDF3E2000C8FEA9 /* FirebaseMessaging */; };
		53EFB42E2BDF3E2000C8FEA9 /* FirebaseMLModelDownloader in Frameworks */ = {isa = PBXBuildFile; productRef = 53EFB42D2BDF3E2000C8FEA9 /* FirebaseMLModelDownloader */; };
		53EFB4302BDF3E2000C8FEA9 /* FirebasePerformance in Frameworks */ = {isa = PBXBuildFile; productRef = 53EFB42F2BDF3E2000C8FEA9 /* FirebasePerformance */; };
		53EFB4322BDF3E2000C8FEA9 /* FirebaseRemoteConfig in Frameworks */ = {isa = PBXBuildFile; productRef = 53EFB4312BDF3E2000C8FEA9 /* FirebaseRemoteConfig */; };
		53EFB4342BDF3E2000C8FEA9 /* FirebaseRemoteConfigSwift in Frameworks */ = {isa = PBXBuildFile; productRef = 53EFB4332BDF3E2000C8FEA9 /* FirebaseRemoteConfigSwift */; };
		53EFB4362BDF3E2100C8FEA9 /* FirebaseStorage in Frameworks */ = {isa = PBXBuildFile; productRef = 53EFB4352BDF3E2100C8FEA9 /* FirebaseStorage */; };
		53EFB4382BDF3E2100C8FEA9 /* FirebaseStorageCombine-Community in Frameworks */ = {isa = PBXBuildFile; productRef = 53EFB4372BDF3E2100C8FEA9 /* FirebaseStorageCombine-Community */; };
/* End PBXBuildFile section */

/* Begin PBXFileReference section */
		53EFB3EE2BDF327F00C8FEA9 /* RemoteConfig.app */ = {isa = PBXFileReference; explicitFileType = wrapper.application; includeInIndex = 0; path = RemoteConfig.app; sourceTree = BUILT_PRODUCTS_DIR; };
		53EFB3F12BDF327F00C8FEA9 /* RemoteConfigApp.swift */ = {isa = PBXFileReference; lastKnownFileType = sourcecode.swift; path = RemoteConfigApp.swift; sourceTree = "<group>"; };
		53EFB3F32BDF327F00C8FEA9 /* ContentView.swift */ = {isa = PBXFileReference; lastKnownFileType = sourcecode.swift; path = ContentView.swift; sourceTree = "<group>"; };
		53EFB3F52BDF328100C8FEA9 /* Assets.xcassets */ = {isa = PBXFileReference; lastKnownFileType = folder.assetcatalog; path = Assets.xcassets; sourceTree = "<group>"; };
		53EFB3F82BDF328100C8FEA9 /* Preview Assets.xcassets */ = {isa = PBXFileReference; lastKnownFileType = folder.assetcatalog; path = "Preview Assets.xcassets"; sourceTree = "<group>"; };
		53EFB4002BDF3A4800C8FEA9 /* GoogleService-Info.plist */ = {isa = PBXFileReference; fileEncoding = 4; lastKnownFileType = text.plist.xml; path = "GoogleService-Info.plist"; sourceTree = "<group>"; };
/* End PBXFileReference section */

/* Begin PBXFrameworksBuildPhase section */
		53EFB3EB2BDF327F00C8FEA9 /* Frameworks */ = {
			isa = PBXFrameworksBuildPhase;
			buildActionMask = 2147483647;
			files = (
				53EFB4162BDF3E2000C8FEA9 /* FirebaseDatabase in Frameworks */,
				53EFB4242BDF3E2000C8FEA9 /* FirebaseFunctionsCombine-Community in Frameworks */,
				53EFB41C2BDF3E2000C8FEA9 /* FirebaseFirestore in Frameworks */,
				53EFB4082BDF3E2000C8FEA9 /* FirebaseAnalyticsSwift in Frameworks */,
				53EFB4042BDF3E2000C8FEA9 /* FirebaseAnalytics in Frameworks */,
				53EFB4062BDF3E2000C8FEA9 /* FirebaseAnalyticsOnDeviceConversion in Frameworks */,
				53EFB4202BDF3E2000C8FEA9 /* FirebaseFirestoreSwift in Frameworks */,
				53EFB42E2BDF3E2000C8FEA9 /* FirebaseMLModelDownloader in Frameworks */,
				53EFB40C2BDF3E2000C8FEA9 /* FirebaseAppCheck in Frameworks */,
				53EFB40A2BDF3E2000C8FEA9 /* FirebaseAnalyticsWithoutAdIdSupport in Frameworks */,
				53EFB42C2BDF3E2000C8FEA9 /* FirebaseMessaging in Frameworks */,
				53EFB4102BDF3E2000C8FEA9 /* FirebaseAuth in Frameworks */,
				53EFB4342BDF3E2000C8FEA9 /* FirebaseRemoteConfigSwift in Frameworks */,
				53EFB4142BDF3E2000C8FEA9 /* FirebaseCrashlytics in Frameworks */,
				53EFB4262BDF3E2000C8FEA9 /* FirebaseInAppMessaging-Beta in Frameworks */,
				53EFB4182BDF3E2000C8FEA9 /* FirebaseDatabaseSwift in Frameworks */,
				53EFB4382BDF3E2100C8FEA9 /* FirebaseStorageCombine-Community in Frameworks */,
				53EFB4322BDF3E2000C8FEA9 /* FirebaseRemoteConfig in Frameworks */,
				53EFB4222BDF3E2000C8FEA9 /* FirebaseFunctions in Frameworks */,
				53EFB40E2BDF3E2000C8FEA9 /* FirebaseAppDistribution-Beta in Frameworks */,
				53EFB4302BDF3E2000C8FEA9 /* FirebasePerformance in Frameworks */,
				53EFB4122BDF3E2000C8FEA9 /* FirebaseAuthCombine-Community in Frameworks */,
				53EFB4362BDF3E2100C8FEA9 /* FirebaseStorage in Frameworks */,
				53EFB4282BDF3E2000C8FEA9 /* FirebaseInAppMessagingSwift-Beta in Frameworks */,
				53EFB41A2BDF3E2000C8FEA9 /* FirebaseDynamicLinks in Frameworks */,
				53EFB41E2BDF3E2000C8FEA9 /* FirebaseFirestoreCombine-Community in Frameworks */,
				53EFB42A2BDF3E2000C8FEA9 /* FirebaseInstallations in Frameworks */,
			);
			runOnlyForDeploymentPostprocessing = 0;
		};
/* End PBXFrameworksBuildPhase section */

/* Begin PBXGroup section */
		53EFB3E52BDF327F00C8FEA9 = {
			isa = PBXGroup;
			children = (
				53EFB3F02BDF327F00C8FEA9 /* RemoteConfig */,
				53EFB3EF2BDF327F00C8FEA9 /* Products */,
				53EFB4022BDF3E2000C8FEA9 /* Frameworks */,
			);
			sourceTree = "<group>";
		};
		53EFB3EF2BDF327F00C8FEA9 /* Products */ = {
			isa = PBXGroup;
			children = (
				53EFB3EE2BDF327F00C8FEA9 /* RemoteConfig.app */,
			);
			name = Products;
			sourceTree = "<group>";
		};
		53EFB3F02BDF327F00C8FEA9 /* RemoteConfig */ = {
			isa = PBXGroup;
			children = (
				53EFB3F12BDF327F00C8FEA9 /* RemoteConfigApp.swift */,
				53EFB3F32BDF327F00C8FEA9 /* ContentView.swift */,
				53EFB3F52BDF328100C8FEA9 /* Assets.xcassets */,
				53EFB4002BDF3A4800C8FEA9 /* GoogleService-Info.plist */,
				53EFB3F72BDF328100C8FEA9 /* Preview Content */,
			);
			path = RemoteConfig;
			sourceTree = "<group>";
		};
		53EFB3F72BDF328100C8FEA9 /* Preview Content */ = {
			isa = PBXGroup;
			children = (
				53EFB3F82BDF328100C8FEA9 /* Preview Assets.xcassets */,
			);
			path = "Preview Content";
			sourceTree = "<group>";
		};
		53EFB4022BDF3E2000C8FEA9 /* Frameworks */ = {
			isa = PBXGroup;
			children = (
			);
			name = Frameworks;
			sourceTree = "<group>";
		};
/* End PBXGroup section */

/* Begin PBXNativeTarget section */
		53EFB3ED2BDF327F00C8FEA9 /* RemoteConfig */ = {
			isa = PBXNativeTarget;
			buildConfigurationList = 53EFB3FC2BDF328100C8FEA9 /* Build configuration list for PBXNativeTarget "RemoteConfig" */;
			buildPhases = (
				53EFB3EA2BDF327F00C8FEA9 /* Sources */,
				53EFB3EB2BDF327F00C8FEA9 /* Frameworks */,
				53EFB3EC2BDF327F00C8FEA9 /* Resources */,
			);
			buildRules = (
			);
			dependencies = (
			);
			name = RemoteConfig;
			packageProductDependencies = (
				53EFB4032BDF3E2000C8FEA9 /* FirebaseAnalytics */,
				53EFB4052BDF3E2000C8FEA9 /* FirebaseAnalyticsOnDeviceConversion */,
				53EFB4072BDF3E2000C8FEA9 /* FirebaseAnalyticsSwift */,
				53EFB4092BDF3E2000C8FEA9 /* FirebaseAnalyticsWithoutAdIdSupport */,
				53EFB40B2BDF3E2000C8FEA9 /* FirebaseAppCheck */,
				53EFB40D2BDF3E2000C8FEA9 /* FirebaseAppDistribution-Beta */,
				53EFB40F2BDF3E2000C8FEA9 /* FirebaseAuth */,
				53EFB4112BDF3E2000C8FEA9 /* FirebaseAuthCombine-Community */,
				53EFB4132BDF3E2000C8FEA9 /* FirebaseCrashlytics */,
				53EFB4152BDF3E2000C8FEA9 /* FirebaseDatabase */,
				53EFB4172BDF3E2000C8FEA9 /* FirebaseDatabaseSwift */,
				53EFB4192BDF3E2000C8FEA9 /* FirebaseDynamicLinks */,
				53EFB41B2BDF3E2000C8FEA9 /* FirebaseFirestore */,
				53EFB41D2BDF3E2000C8FEA9 /* FirebaseFirestoreCombine-Community */,
				53EFB41F2BDF3E2000C8FEA9 /* FirebaseFirestoreSwift */,
				53EFB4212BDF3E2000C8FEA9 /* FirebaseFunctions */,
				53EFB4232BDF3E2000C8FEA9 /* FirebaseFunctionsCombine-Community */,
				53EFB4252BDF3E2000C8FEA9 /* FirebaseInAppMessaging-Beta */,
				53EFB4272BDF3E2000C8FEA9 /* FirebaseInAppMessagingSwift-Beta */,
				53EFB4292BDF3E2000C8FEA9 /* FirebaseInstallations */,
				53EFB42B2BDF3E2000C8FEA9 /* FirebaseMessaging */,
				53EFB42D2BDF3E2000C8FEA9 /* FirebaseMLModelDownloader */,
				53EFB42F2BDF3E2000C8FEA9 /* FirebasePerformance */,
				53EFB4312BDF3E2000C8FEA9 /* FirebaseRemoteConfig */,
				53EFB4332BDF3E2000C8FEA9 /* FirebaseRemoteConfigSwift */,
				53EFB4352BDF3E2100C8FEA9 /* FirebaseStorage */,
				53EFB4372BDF3E2100C8FEA9 /* FirebaseStorageCombine-Community */,
			);
			productName = RemoteConfig;
			productReference = 53EFB3EE2BDF327F00C8FEA9 /* RemoteConfig.app */;
			productType = "com.apple.product-type.application";
		};
/* End PBXNativeTarget section */

/* Begin PBXProject section */
		53EFB3E62BDF327F00C8FEA9 /* Project object */ = {
			isa = PBXProject;
			attributes = {
				BuildIndependentTargetsInParallel = 1;
				LastSwiftUpdateCheck = 1530;
				LastUpgradeCheck = 1530;
				TargetAttributes = {
					53EFB3ED2BDF327F00C8FEA9 = {
						CreatedOnToolsVersion = 15.3;
					};
				};
			};
			buildConfigurationList = 53EFB3E92BDF327F00C8FEA9 /* Build configuration list for PBXProject "RemoteConfig" */;
			compatibilityVersion = "Xcode 14.0";
			developmentRegion = en;
			hasScannedForEncodings = 0;
			knownRegions = (
				en,
				Base,
			);
			mainGroup = 53EFB3E52BDF327F00C8FEA9;
			packageReferences = (
				53EFB3FF2BDF340B00C8FEA9 /* XCRemoteSwiftPackageReference "firebase-ios-sdk" */,
			);
			productRefGroup = 53EFB3EF2BDF327F00C8FEA9 /* Products */;
			projectDirPath = "";
			projectRoot = "";
			targets = (
				53EFB3ED2BDF327F00C8FEA9 /* RemoteConfig */,
			);
		};
/* End PBXProject section */

/* Begin PBXResourcesBuildPhase section */
		53EFB3EC2BDF327F00C8FEA9 /* Resources */ = {
			isa = PBXResourcesBuildPhase;
			buildActionMask = 2147483647;
			files = (
				53EFB3F92BDF328100C8FEA9 /* Preview Assets.xcassets in Resources */,
				53EFB3F62BDF328100C8FEA9 /* Assets.xcassets in Resources */,
				53EFB4012BDF3A4800C8FEA9 /* GoogleService-Info.plist in Resources */,
			);
			runOnlyForDeploymentPostprocessing = 0;
		};
/* End PBXResourcesBuildPhase section */

/* Begin PBXSourcesBuildPhase section */
		53EFB3EA2BDF327F00C8FEA9 /* Sources */ = {
			isa = PBXSourcesBuildPhase;
			buildActionMask = 2147483647;
			files = (
				53EFB3F42BDF327F00C8FEA9 /* ContentView.swift in Sources */,
				53EFB3F22BDF327F00C8FEA9 /* RemoteConfigApp.swift in Sources */,
			);
			runOnlyForDeploymentPostprocessing = 0;
		};
/* End PBXSourcesBuildPhase section */

/* Begin XCBuildConfiguration section */
		53EFB3FA2BDF328100C8FEA9 /* Debug */ = {
			isa = XCBuildConfiguration;
			buildSettings = {
				ALWAYS_SEARCH_USER_PATHS = NO;
				ASSETCATALOG_COMPILER_GENERATE_SWIFT_ASSET_SYMBOL_EXTENSIONS = YES;
				CLANG_ANALYZER_NONNULL = YES;
				CLANG_ANALYZER_NUMBER_OBJECT_CONVERSION = YES_AGGRESSIVE;
				CLANG_CXX_LANGUAGE_STANDARD = "gnu++20";
				CLANG_ENABLE_MODULES = YES;
				CLANG_ENABLE_OBJC_ARC = YES;
				CLANG_ENABLE_OBJC_WEAK = YES;
				CLANG_WARN_BLOCK_CAPTURE_AUTORELEASING = YES;
				CLANG_WARN_BOOL_CONVERSION = YES;
				CLANG_WARN_COMMA = YES;
				CLANG_WARN_CONSTANT_CONVERSION = YES;
				CLANG_WARN_DEPRECATED_OBJC_IMPLEMENTATIONS = YES;
				CLANG_WARN_DIRECT_OBJC_ISA_USAGE = YES_ERROR;
				CLANG_WARN_DOCUMENTATION_COMMENTS = YES;
				CLANG_WARN_EMPTY_BODY = YES;
				CLANG_WARN_ENUM_CONVERSION = YES;
				CLANG_WARN_INFINITE_RECURSION = YES;
				CLANG_WARN_INT_CONVERSION = YES;
				CLANG_WARN_NON_LITERAL_NULL_CONVERSION = YES;
				CLANG_WARN_OBJC_IMPLICIT_RETAIN_SELF = YES;
				CLANG_WARN_OBJC_LITERAL_CONVERSION = YES;
				CLANG_WARN_OBJC_ROOT_CLASS = YES_ERROR;
				CLANG_WARN_QUOTED_INCLUDE_IN_FRAMEWORK_HEADER = YES;
				CLANG_WARN_RANGE_LOOP_ANALYSIS = YES;
				CLANG_WARN_STRICT_PROTOTYPES = YES;
				CLANG_WARN_SUSPICIOUS_MOVE = YES;
				CLANG_WARN_UNGUARDED_AVAILABILITY = YES_AGGRESSIVE;
				CLANG_WARN_UNREACHABLE_CODE = YES;
				CLANG_WARN__DUPLICATE_METHOD_MATCH = YES;
				COPY_PHASE_STRIP = NO;
				DEBUG_INFORMATION_FORMAT = dwarf;
				ENABLE_STRICT_OBJC_MSGSEND = YES;
				ENABLE_TESTABILITY = YES;
				ENABLE_USER_SCRIPT_SANDBOXING = YES;
				GCC_C_LANGUAGE_STANDARD = gnu17;
				GCC_DYNAMIC_NO_PIC = NO;
				GCC_NO_COMMON_BLOCKS = YES;
				GCC_OPTIMIZATION_LEVEL = 0;
				GCC_PREPROCESSOR_DEFINITIONS = (
					"DEBUG=1",
					"$(inherited)",
				);
				GCC_WARN_64_TO_32_BIT_CONVERSION = YES;
				GCC_WARN_ABOUT_RETURN_TYPE = YES_ERROR;
				GCC_WARN_UNDECLARED_SELECTOR = YES;
				GCC_WARN_UNINITIALIZED_AUTOS = YES_AGGRESSIVE;
				GCC_WARN_UNUSED_FUNCTION = YES;
				GCC_WARN_UNUSED_VARIABLE = YES;
				IPHONEOS_DEPLOYMENT_TARGET = 17.4;
				LOCALIZATION_PREFERS_STRING_CATALOGS = YES;
				MTL_ENABLE_DEBUG_INFO = INCLUDE_SOURCE;
				MTL_FAST_MATH = YES;
				ONLY_ACTIVE_ARCH = YES;
				SDKROOT = iphoneos;
				SWIFT_ACTIVE_COMPILATION_CONDITIONS = "DEBUG $(inherited)";
				SWIFT_OPTIMIZATION_LEVEL = "-Onone";
			};
			name = Debug;
		};
		53EFB3FB2BDF328100C8FEA9 /* Release */ = {
			isa = XCBuildConfiguration;
			buildSettings = {
				ALWAYS_SEARCH_USER_PATHS = NO;
				ASSETCATALOG_COMPILER_GENERATE_SWIFT_ASSET_SYMBOL_EXTENSIONS = YES;
				CLANG_ANALYZER_NONNULL = YES;
				CLANG_ANALYZER_NUMBER_OBJECT_CONVERSION = YES_AGGRESSIVE;
				CLANG_CXX_LANGUAGE_STANDARD = "gnu++20";
				CLANG_ENABLE_MODULES = YES;
				CLANG_ENABLE_OBJC_ARC = YES;
				CLANG_ENABLE_OBJC_WEAK = YES;
				CLANG_WARN_BLOCK_CAPTURE_AUTORELEASING = YES;
				CLANG_WARN_BOOL_CONVERSION = YES;
				CLANG_WARN_COMMA = YES;
				CLANG_WARN_CONSTANT_CONVERSION = YES;
				CLANG_WARN_DEPRECATED_OBJC_IMPLEMENTATIONS = YES;
				CLANG_WARN_DIRECT_OBJC_ISA_USAGE = YES_ERROR;
				CLANG_WARN_DOCUMENTATION_COMMENTS = YES;
				CLANG_WARN_EMPTY_BODY = YES;
				CLANG_WARN_ENUM_CONVERSION = YES;
				CLANG_WARN_INFINITE_RECURSION = YES;
				CLANG_WARN_INT_CONVERSION = YES;
				CLANG_WARN_NON_LITERAL_NULL_CONVERSION = YES;
				CLANG_WARN_OBJC_IMPLICIT_RETAIN_SELF = YES;
				CLANG_WARN_OBJC_LITERAL_CONVERSION = YES;
				CLANG_WARN_OBJC_ROOT_CLASS = YES_ERROR;
				CLANG_WARN_QUOTED_INCLUDE_IN_FRAMEWORK_HEADER = YES;
				CLANG_WARN_RANGE_LOOP_ANALYSIS = YES;
				CLANG_WARN_STRICT_PROTOTYPES = YES;
				CLANG_WARN_SUSPICIOUS_MOVE = YES;
				CLANG_WARN_UNGUARDED_AVAILABILITY = YES_AGGRESSIVE;
				CLANG_WARN_UNREACHABLE_CODE = YES;
				CLANG_WARN__DUPLICATE_METHOD_MATCH = YES;
				COPY_PHASE_STRIP = NO;
				DEBUG_INFORMATION_FORMAT = "dwarf-with-dsym";
				ENABLE_NS_ASSERTIONS = NO;
				ENABLE_STRICT_OBJC_MSGSEND = YES;
				ENABLE_USER_SCRIPT_SANDBOXING = YES;
				GCC_C_LANGUAGE_STANDARD = gnu17;
				GCC_NO_COMMON_BLOCKS = YES;
				GCC_WARN_64_TO_32_BIT_CONVERSION = YES;
				GCC_WARN_ABOUT_RETURN_TYPE = YES_ERROR;
				GCC_WARN_UNDECLARED_SELECTOR = YES;
				GCC_WARN_UNINITIALIZED_AUTOS = YES_AGGRESSIVE;
				GCC_WARN_UNUSED_FUNCTION = YES;
				GCC_WARN_UNUSED_VARIABLE = YES;
				IPHONEOS_DEPLOYMENT_TARGET = 17.4;
				LOCALIZATION_PREFERS_STRING_CATALOGS = YES;
				MTL_ENABLE_DEBUG_INFO = NO;
				MTL_FAST_MATH = YES;
				SDKROOT = iphoneos;
				SWIFT_COMPILATION_MODE = wholemodule;
				VALIDATE_PRODUCT = YES;
			};
			name = Release;
		};
		53EFB3FD2BDF328100C8FEA9 /* Debug */ = {
			isa = XCBuildConfiguration;
			buildSettings = {
				ASSETCATALOG_COMPILER_APPICON_NAME = AppIcon;
				ASSETCATALOG_COMPILER_GLOBAL_ACCENT_COLOR_NAME = AccentColor;
				CODE_SIGN_STYLE = Automatic;
				CURRENT_PROJECT_VERSION = 1;
				DEVELOPMENT_ASSET_PATHS = "\"RemoteConfig/Preview Content\"";
				ENABLE_PREVIEWS = YES;
				GENERATE_INFOPLIST_FILE = YES;
				INFOPLIST_KEY_UIApplicationSceneManifest_Generation = YES;
				INFOPLIST_KEY_UIApplicationSupportsIndirectInputEvents = YES;
				INFOPLIST_KEY_UILaunchScreen_Generation = YES;
				INFOPLIST_KEY_UISupportedInterfaceOrientations_iPad = "UIInterfaceOrientationPortrait UIInterfaceOrientationPortraitUpsideDown UIInterfaceOrientationLandscapeLeft UIInterfaceOrientationLandscapeRight";
				INFOPLIST_KEY_UISupportedInterfaceOrientations_iPhone = "UIInterfaceOrientationPortrait UIInterfaceOrientationLandscapeLeft UIInterfaceOrientationLandscapeRight";
				LD_RUNPATH_SEARCH_PATHS = (
					"$(inherited)",
					"@executable_path/Frameworks",
				);
				MARKETING_VERSION = 1.0;
				PRODUCT_BUNDLE_IDENTIFIER = kr.co.uunwon.RemoteConfig;
				PRODUCT_NAME = "$(TARGET_NAME)";
				SWIFT_EMIT_LOC_STRINGS = YES;
				SWIFT_VERSION = 5.0;
				TARGETED_DEVICE_FAMILY = "1,2";
			};
			name = Debug;
		};
		53EFB3FE2BDF328100C8FEA9 /* Release */ = {
			isa = XCBuildConfiguration;
			buildSettings = {
				ASSETCATALOG_COMPILER_APPICON_NAME = AppIcon;
				ASSETCATALOG_COMPILER_GLOBAL_ACCENT_COLOR_NAME = AccentColor;
				CODE_SIGN_STYLE = Automatic;
				CURRENT_PROJECT_VERSION = 1;
				DEVELOPMENT_ASSET_PATHS = "\"RemoteConfig/Preview Content\"";
				ENABLE_PREVIEWS = YES;
				GENERATE_INFOPLIST_FILE = YES;
				INFOPLIST_KEY_UIApplicationSceneManifest_Generation = YES;
				INFOPLIST_KEY_UIApplicationSupportsIndirectInputEvents = YES;
				INFOPLIST_KEY_UILaunchScreen_Generation = YES;
				INFOPLIST_KEY_UISupportedInterfaceOrientations_iPad = "UIInterfaceOrientationPortrait UIInterfaceOrientationPortraitUpsideDown UIInterfaceOrientationLandscapeLeft UIInterfaceOrientationLandscapeRight";
				INFOPLIST_KEY_UISupportedInterfaceOrientations_iPhone = "UIInterfaceOrientationPortrait UIInterfaceOrientationLandscapeLeft UIInterfaceOrientationLandscapeRight";
				LD_RUNPATH_SEARCH_PATHS = (
					"$(inherited)",
					"@executable_path/Frameworks",
				);
				MARKETING_VERSION = 1.0;
				PRODUCT_BUNDLE_IDENTIFIER = kr.co.uunwon.RemoteConfig;
				PRODUCT_NAME = "$(TARGET_NAME)";
				SWIFT_EMIT_LOC_STRINGS = YES;
				SWIFT_VERSION = 5.0;
				TARGETED_DEVICE_FAMILY = "1,2";
			};
			name = Release;
		};
/* End XCBuildConfiguration section */

/* Begin XCConfigurationList section */
		53EFB3E92BDF327F00C8FEA9 /* Build configuration list for PBXProject "RemoteConfig" */ = {
			isa = XCConfigurationList;
			buildConfigurations = (
				53EFB3FA2BDF328100C8FEA9 /* Debug */,
				53EFB3FB2BDF328100C8FEA9 /* Release */,
			);
			defaultConfigurationIsVisible = 0;
			defaultConfigurationName = Release;
		};
		53EFB3FC2BDF328100C8FEA9 /* Build configuration list for PBXNativeTarget "RemoteConfig" */ = {
			isa = XCConfigurationList;
			buildConfigurations = (
				53EFB3FD2BDF328100C8FEA9 /* Debug */,
				53EFB3FE2BDF328100C8FEA9 /* Release */,
			);
			defaultConfigurationIsVisible = 0;
			defaultConfigurationName = Release;
		};
/* End XCConfigurationList section */

/* Begin XCRemoteSwiftPackageReference section */
		53EFB3FF2BDF340B00C8FEA9 /* XCRemoteSwiftPackageReference "firebase-ios-sdk" */ = {
			isa = XCRemoteSwiftPackageReference;
			repositoryURL = "https://github.com/firebase/firebase-ios-sdk.git";
			requirement = {
				kind = upToNextMajorVersion;
				minimumVersion = 10.24.0;
			};
		};
/* End XCRemoteSwiftPackageReference section */

/* Begin XCSwiftPackageProductDependency section */
		53EFB4032BDF3E2000C8FEA9 /* FirebaseAnalytics */ = {
			isa = XCSwiftPackageProductDependency;
			package = 53EFB3FF2BDF340B00C8FEA9 /* XCRemoteSwiftPackageReference "firebase-ios-sdk" */;
			productName = FirebaseAnalytics;
		};
		53EFB4052BDF3E2000C8FEA9 /* FirebaseAnalyticsOnDeviceConversion */ = {
			isa = XCSwiftPackageProductDependency;
			package = 53EFB3FF2BDF340B00C8FEA9 /* XCRemoteSwiftPackageReference "firebase-ios-sdk" */;
			productName = FirebaseAnalyticsOnDeviceConversion;
		};
		53EFB4072BDF3E2000C8FEA9 /* FirebaseAnalyticsSwift */ = {
			isa = XCSwiftPackageProductDependency;
			package = 53EFB3FF2BDF340B00C8FEA9 /* XCRemoteSwiftPackageReference "firebase-ios-sdk" */;
			productName = FirebaseAnalyticsSwift;
		};
		53EFB4092BDF3E2000C8FEA9 /* FirebaseAnalyticsWithoutAdIdSupport */ = {
			isa = XCSwiftPackageProductDependency;
			package = 53EFB3FF2BDF340B00C8FEA9 /* XCRemoteSwiftPackageReference "firebase-ios-sdk" */;
			productName = FirebaseAnalyticsWithoutAdIdSupport;
		};
		53EFB40B2BDF3E2000C8FEA9 /* FirebaseAppCheck */ = {
			isa = XCSwiftPackageProductDependency;
			package = 53EFB3FF2BDF340B00C8FEA9 /* XCRemoteSwiftPackageReference "firebase-ios-sdk" */;
			productName = FirebaseAppCheck;
		};
		53EFB40D2BDF3E2000C8FEA9 /* FirebaseAppDistribution-Beta */ = {
			isa = XCSwiftPackageProductDependency;
			package = 53EFB3FF2BDF340B00C8FEA9 /* XCRemoteSwiftPackageReference "firebase-ios-sdk" */;
			productName = "FirebaseAppDistribution-Beta";
		};
		53EFB40F2BDF3E2000C8FEA9 /* FirebaseAuth */ = {
			isa = XCSwiftPackageProductDependency;
			package = 53EFB3FF2BDF340B00C8FEA9 /* XCRemoteSwiftPackageReference "firebase-ios-sdk" */;
			productName = FirebaseAuth;
		};
		53EFB4112BDF3E2000C8FEA9 /* FirebaseAuthCombine-Community */ = {
			isa = XCSwiftPackageProductDependency;
			package = 53EFB3FF2BDF340B00C8FEA9 /* XCRemoteSwiftPackageReference "firebase-ios-sdk" */;
			productName = "FirebaseAuthCombine-Community";
		};
		53EFB4132BDF3E2000C8FEA9 /* FirebaseCrashlytics */ = {
			isa = XCSwiftPackageProductDependency;
			package = 53EFB3FF2BDF340B00C8FEA9 /* XCRemoteSwiftPackageReference "firebase-ios-sdk" */;
			productName = FirebaseCrashlytics;
		};
		53EFB4152BDF3E2000C8FEA9 /* FirebaseDatabase */ = {
			isa = XCSwiftPackageProductDependency;
			package = 53EFB3FF2BDF340B00C8FEA9 /* XCRemoteSwiftPackageReference "firebase-ios-sdk" */;
			productName = FirebaseDatabase;
		};
		53EFB4172BDF3E2000C8FEA9 /* FirebaseDatabaseSwift */ = {
			isa = XCSwiftPackageProductDependency;
			package = 53EFB3FF2BDF340B00C8FEA9 /* XCRemoteSwiftPackageReference "firebase-ios-sdk" */;
			productName = FirebaseDatabaseSwift;
		};
		53EFB4192BDF3E2000C8FEA9 /* FirebaseDynamicLinks */ = {
			isa = XCSwiftPackageProductDependency;
			package = 53EFB3FF2BDF340B00C8FEA9 /* XCRemoteSwiftPackageReference "firebase-ios-sdk" */;
			productName = FirebaseDynamicLinks;
		};
		53EFB41B2BDF3E2000C8FEA9 /* FirebaseFirestore */ = {
			isa = XCSwiftPackageProductDependency;
			package = 53EFB3FF2BDF340B00C8FEA9 /* XCRemoteSwiftPackageReference "firebase-ios-sdk" */;
			productName = FirebaseFirestore;
		};
		53EFB41D2BDF3E2000C8FEA9 /* FirebaseFirestoreCombine-Community */ = {
			isa = XCSwiftPackageProductDependency;
			package = 53EFB3FF2BDF340B00C8FEA9 /* XCRemoteSwiftPackageReference "firebase-ios-sdk" */;
			productName = "FirebaseFirestoreCombine-Community";
		};
		53EFB41F2BDF3E2000C8FEA9 /* FirebaseFirestoreSwift */ = {
			isa = XCSwiftPackageProductDependency;
			package = 53EFB3FF2BDF340B00C8FEA9 /* XCRemoteSwiftPackageReference "firebase-ios-sdk" */;
			productName = FirebaseFirestoreSwift;
		};
		53EFB4212BDF3E2000C8FEA9 /* FirebaseFunctions */ = {
			isa = XCSwiftPackageProductDependency;
			package = 53EFB3FF2BDF340B00C8FEA9 /* XCRemoteSwiftPackageReference "firebase-ios-sdk" */;
			productName = FirebaseFunctions;
		};
		53EFB4232BDF3E2000C8FEA9 /* FirebaseFunctionsCombine-Community */ = {
			isa = XCSwiftPackageProductDependency;
			package = 53EFB3FF2BDF340B00C8FEA9 /* XCRemoteSwiftPackageReference "firebase-ios-sdk" */;
			productName = "FirebaseFunctionsCombine-Community";
		};
		53EFB4252BDF3E2000C8FEA9 /* FirebaseInAppMessaging-Beta */ = {
			isa = XCSwiftPackageProductDependency;
			package = 53EFB3FF2BDF340B00C8FEA9 /* XCRemoteSwiftPackageReference "firebase-ios-sdk" */;
			productName = "FirebaseInAppMessaging-Beta";
		};
		53EFB4272BDF3E2000C8FEA9 /* FirebaseInAppMessagingSwift-Beta */ = {
			isa = XCSwiftPackageProductDependency;
			package = 53EFB3FF2BDF340B00C8FEA9 /* XCRemoteSwiftPackageReference "firebase-ios-sdk" */;
			productName = "FirebaseInAppMessagingSwift-Beta";
		};
		53EFB4292BDF3E2000C8FEA9 /* FirebaseInstallations */ = {
			isa = XCSwiftPackageProductDependency;
			package = 53EFB3FF2BDF340B00C8FEA9 /* XCRemoteSwiftPackageReference "firebase-ios-sdk" */;
			productName = FirebaseInstallations;
		};
		53EFB42B2BDF3E2000C8FEA9 /* FirebaseMessaging */ = {
			isa = XCSwiftPackageProductDependency;
			package = 53EFB3FF2BDF340B00C8FEA9 /* XCRemoteSwiftPackageReference "firebase-ios-sdk" */;
			productName = FirebaseMessaging;
		};
		53EFB42D2BDF3E2000C8FEA9 /* FirebaseMLModelDownloader */ = {
			isa = XCSwiftPackageProductDependency;
			package = 53EFB3FF2BDF340B00C8FEA9 /* XCRemoteSwiftPackageReference "firebase-ios-sdk" */;
			productName = FirebaseMLModelDownloader;
		};
		53EFB42F2BDF3E2000C8FEA9 /* FirebasePerformance */ = {
			isa = XCSwiftPackageProductDependency;
			package = 53EFB3FF2BDF340B00C8FEA9 /* XCRemoteSwiftPackageReference "firebase-ios-sdk" */;
			productName = FirebasePerformance;
		};
		53EFB4312BDF3E2000C8FEA9 /* FirebaseRemoteConfig */ = {
			isa = XCSwiftPackageProductDependency;
			package = 53EFB3FF2BDF340B00C8FEA9 /* XCRemoteSwiftPackageReference "firebase-ios-sdk" */;
			productName = FirebaseRemoteConfig;
		};
		53EFB4332BDF3E2000C8FEA9 /* FirebaseRemoteConfigSwift */ = {
			isa = XCSwiftPackageProductDependency;
			package = 53EFB3FF2BDF340B00C8FEA9 /* XCRemoteSwiftPackageReference "firebase-ios-sdk" */;
			productName = FirebaseRemoteConfigSwift;
		};
		53EFB4352BDF3E2100C8FEA9 /* FirebaseStorage */ = {
			isa = XCSwiftPackageProductDependency;
			package = 53EFB3FF2BDF340B00C8FEA9 /* XCRemoteSwiftPackageReference "firebase-ios-sdk" */;
			productName = FirebaseStorage;
		};
		53EFB4372BDF3E2100C8FEA9 /* FirebaseStorageCombine-Community */ = {
			isa = XCSwiftPackageProductDependency;
			package = 53EFB3FF2BDF340B00C8FEA9 /* XCRemoteSwiftPackageReference "firebase-ios-sdk" */;
			productName = "FirebaseStorageCombine-Community";
		};
/* End XCSwiftPackageProductDependency section */
	};
	rootObject = 53EFB3E62BDF327F00C8FEA9 /* Project object */;
}
