// !$*UTF8*$!
{
	archiveVersion = 1;
	classes = {
	};
	objectVersion = 56;
	objects = {

/* Begin PBXBuildFile section */
		53279CCD2BC764D6009C1995 /* DisclosureGroupView.swift in Sources */ = {isa = PBXBuildFile; fileRef = 53279CCC2BC764D6009C1995 /* DisclosureGroupView.swift */; };
		53279CCF2BC766EE009C1995 /* ScrollView.swift in Sources */ = {isa = PBXBuildFile; fileRef = 53279CCE2BC766EE009C1995 /* ScrollView.swift */; };
		53279CD12BC76A82009C1995 /* OutlineGroupView.swift in Sources */ = {isa = PBXBuildFile; fileRef = 53279CD02BC76A82009C1995 /* OutlineGroupView.swift */; };
		5338145D2BC3AA710048F169 /* RedSwiftUIApp.swift in Sources */ = {isa = PBXBuildFile; fileRef = 5338145C2BC3AA710048F169 /* RedSwiftUIApp.swift */; };
		5338145F2BC3AA710048F169 /* ContentView.swift in Sources */ = {isa = PBXBuildFile; fileRef = 5338145E2BC3AA710048F169 /* ContentView.swift */; };
		533814612BC3AA720048F169 /* Assets.xcassets in Resources */ = {isa = PBXBuildFile; fileRef = 533814602BC3AA720048F169 /* Assets.xcassets */; };
		533814642BC3AA720048F169 /* Preview Assets.xcassets in Resources */ = {isa = PBXBuildFile; fileRef = 533814632BC3AA720048F169 /* Preview Assets.xcassets */; };
		5338146B2BC3AC450048F169 /* SpacerView.swift in Sources */ = {isa = PBXBuildFile; fileRef = 5338146A2BC3AC450048F169 /* SpacerView.swift */; };
		5338146F2BC3B1630048F169 /* OffsetView.swift in Sources */ = {isa = PBXBuildFile; fileRef = 5338146E2BC3B1630048F169 /* OffsetView.swift */; };
		533814712BC3B5A90048F169 /* TextView.swift in Sources */ = {isa = PBXBuildFile; fileRef = 533814702BC3B5A90048F169 /* TextView.swift */; };
		533814732BC3BC890048F169 /* IconView.swift in Sources */ = {isa = PBXBuildFile; fileRef = 533814722BC3BC890048F169 /* IconView.swift */; };
		533814752BC3C5E30048F169 /* ImageView.swift in Sources */ = {isa = PBXBuildFile; fileRef = 533814742BC3C5E30048F169 /* ImageView.swift */; };
		533814772BC3D1D60048F169 /* AnimalImageView.swift in Sources */ = {isa = PBXBuildFile; fileRef = 533814762BC3D1D60048F169 /* AnimalImageView.swift */; };
		533814792BC3DBAE0048F169 /* ButtonView.swift in Sources */ = {isa = PBXBuildFile; fileRef = 533814782BC3DBAE0048F169 /* ButtonView.swift */; };
		5338147B2BC3DF860048F169 /* PickerView.swift in Sources */ = {isa = PBXBuildFile; fileRef = 5338147A2BC3DF860048F169 /* PickerView.swift */; };
		534C09382BC4C4C8008D5F5F /* FieldView.swift in Sources */ = {isa = PBXBuildFile; fileRef = 534C09372BC4C4C8008D5F5F /* FieldView.swift */; };
		534C093A2BC4CC98008D5F5F /* BasicView.swift in Sources */ = {isa = PBXBuildFile; fileRef = 534C09392BC4CC98008D5F5F /* BasicView.swift */; };
		534C093C2BC4D276008D5F5F /* PickerDetailView.swift in Sources */ = {isa = PBXBuildFile; fileRef = 534C093B2BC4D276008D5F5F /* PickerDetailView.swift */; };
		534C093E2BC4D558008D5F5F /* DatePickerView.swift in Sources */ = {isa = PBXBuildFile; fileRef = 534C093D2BC4D558008D5F5F /* DatePickerView.swift */; };
		534C09402BC4E1E9008D5F5F /* ToggleView.swift in Sources */ = {isa = PBXBuildFile; fileRef = 534C093F2BC4E1E9008D5F5F /* ToggleView.swift */; };
		535AEA922BC512E4009BD112 /* AlertView.swift in Sources */ = {isa = PBXBuildFile; fileRef = 535AEA912BC512E4009BD112 /* AlertView.swift */; };
		535AEA942BC51AC1009BD112 /* ContextMenuView.swift in Sources */ = {isa = PBXBuildFile; fileRef = 535AEA932BC51AC1009BD112 /* ContextMenuView.swift */; };
		535AEA962BC520A8009BD112 /* ListView.swift in Sources */ = {isa = PBXBuildFile; fileRef = 535AEA952BC520A8009BD112 /* ListView.swift */; };
		535AEA982BC5252D009BD112 /* StructView.swift in Sources */ = {isa = PBXBuildFile; fileRef = 535AEA972BC5252D009BD112 /* StructView.swift */; };
		535AEA9A2BC529A1009BD112 /* FormView.swift in Sources */ = {isa = PBXBuildFile; fileRef = 535AEA992BC529A1009BD112 /* FormView.swift */; };
		535E78782BC4FA91001243EB /* LinkView.swift in Sources */ = {isa = PBXBuildFile; fileRef = 535E78772BC4FA91001243EB /* LinkView.swift */; };
		535E787A2BC4FEA5001243EB /* TapGestureView.swift in Sources */ = {isa = PBXBuildFile; fileRef = 535E78792BC4FEA5001243EB /* TapGestureView.swift */; };
		535E787C2BC5055E001243EB /* ScaleEffectView.swift in Sources */ = {isa = PBXBuildFile; fileRef = 535E787B2BC5055E001243EB /* ScaleEffectView.swift */; };
/* End PBXBuildFile section */

/* Begin PBXFileReference section */
		53279CCC2BC764D6009C1995 /* DisclosureGroupView.swift */ = {isa = PBXFileReference; lastKnownFileType = sourcecode.swift; path = DisclosureGroupView.swift; sourceTree = "<group>"; };
		53279CCE2BC766EE009C1995 /* ScrollView.swift */ = {isa = PBXFileReference; lastKnownFileType = sourcecode.swift; path = ScrollView.swift; sourceTree = "<group>"; };
		53279CD02BC76A82009C1995 /* OutlineGroupView.swift */ = {isa = PBXFileReference; lastKnownFileType = sourcecode.swift; path = OutlineGroupView.swift; sourceTree = "<group>"; };
		533814592BC3AA710048F169 /* RedSwiftUI.app */ = {isa = PBXFileReference; explicitFileType = wrapper.application; includeInIndex = 0; path = RedSwiftUI.app; sourceTree = BUILT_PRODUCTS_DIR; };
		5338145C2BC3AA710048F169 /* RedSwiftUIApp.swift */ = {isa = PBXFileReference; lastKnownFileType = sourcecode.swift; path = RedSwiftUIApp.swift; sourceTree = "<group>"; };
		5338145E2BC3AA710048F169 /* ContentView.swift */ = {isa = PBXFileReference; lastKnownFileType = sourcecode.swift; path = ContentView.swift; sourceTree = "<group>"; };
		533814602BC3AA720048F169 /* Assets.xcassets */ = {isa = PBXFileReference; lastKnownFileType = folder.assetcatalog; path = Assets.xcassets; sourceTree = "<group>"; };
		533814632BC3AA720048F169 /* Preview Assets.xcassets */ = {isa = PBXFileReference; lastKnownFileType = folder.assetcatalog; path = "Preview Assets.xcassets"; sourceTree = "<group>"; };
		5338146A2BC3AC450048F169 /* SpacerView.swift */ = {isa = PBXFileReference; lastKnownFileType = sourcecode.swift; path = SpacerView.swift; sourceTree = "<group>"; };
		5338146E2BC3B1630048F169 /* OffsetView.swift */ = {isa = PBXFileReference; lastKnownFileType = sourcecode.swift; path = OffsetView.swift; sourceTree = "<group>"; };
		533814702BC3B5A90048F169 /* TextView.swift */ = {isa = PBXFileReference; lastKnownFileType = sourcecode.swift; path = TextView.swift; sourceTree = "<group>"; };
		533814722BC3BC890048F169 /* IconView.swift */ = {isa = PBXFileReference; lastKnownFileType = sourcecode.swift; path = IconView.swift; sourceTree = "<group>"; };
		533814742BC3C5E30048F169 /* ImageView.swift */ = {isa = PBXFileReference; lastKnownFileType = sourcecode.swift; path = ImageView.swift; sourceTree = "<group>"; };
		533814762BC3D1D60048F169 /* AnimalImageView.swift */ = {isa = PBXFileReference; lastKnownFileType = sourcecode.swift; path = AnimalImageView.swift; sourceTree = "<group>"; };
		533814782BC3DBAE0048F169 /* ButtonView.swift */ = {isa = PBXFileReference; lastKnownFileType = sourcecode.swift; path = ButtonView.swift; sourceTree = "<group>"; };
		5338147A2BC3DF860048F169 /* PickerView.swift */ = {isa = PBXFileReference; lastKnownFileType = sourcecode.swift; path = PickerView.swift; sourceTree = "<group>"; };
		534C09372BC4C4C8008D5F5F /* FieldView.swift */ = {isa = PBXFileReference; lastKnownFileType = sourcecode.swift; path = FieldView.swift; sourceTree = "<group>"; };
		534C09392BC4CC98008D5F5F /* BasicView.swift */ = {isa = PBXFileReference; lastKnownFileType = sourcecode.swift; path = BasicView.swift; sourceTree = "<group>"; };
		534C093B2BC4D276008D5F5F /* PickerDetailView.swift */ = {isa = PBXFileReference; lastKnownFileType = sourcecode.swift; path = PickerDetailView.swift; sourceTree = "<group>"; };
		534C093D2BC4D558008D5F5F /* DatePickerView.swift */ = {isa = PBXFileReference; lastKnownFileType = sourcecode.swift; path = DatePickerView.swift; sourceTree = "<group>"; };
		534C093F2BC4E1E9008D5F5F /* ToggleView.swift */ = {isa = PBXFileReference; lastKnownFileType = sourcecode.swift; path = ToggleView.swift; sourceTree = "<group>"; };
		535AEA912BC512E4009BD112 /* AlertView.swift */ = {isa = PBXFileReference; lastKnownFileType = sourcecode.swift; path = AlertView.swift; sourceTree = "<group>"; };
		535AEA932BC51AC1009BD112 /* ContextMenuView.swift */ = {isa = PBXFileReference; lastKnownFileType = sourcecode.swift; path = ContextMenuView.swift; sourceTree = "<group>"; };
		535AEA952BC520A8009BD112 /* ListView.swift */ = {isa = PBXFileReference; lastKnownFileType = sourcecode.swift; path = ListView.swift; sourceTree = "<group>"; };
		535AEA972BC5252D009BD112 /* StructView.swift */ = {isa = PBXFileReference; lastKnownFileType = sourcecode.swift; path = StructView.swift; sourceTree = "<group>"; };
		535AEA992BC529A1009BD112 /* FormView.swift */ = {isa = PBXFileReference; lastKnownFileType = sourcecode.swift; path = FormView.swift; sourceTree = "<group>"; };
		535E78772BC4FA91001243EB /* LinkView.swift */ = {isa = PBXFileReference; lastKnownFileType = sourcecode.swift; path = LinkView.swift; sourceTree = "<group>"; };
		535E78792BC4FEA5001243EB /* TapGestureView.swift */ = {isa = PBXFileReference; lastKnownFileType = sourcecode.swift; path = TapGestureView.swift; sourceTree = "<group>"; };
		535E787B2BC5055E001243EB /* ScaleEffectView.swift */ = {isa = PBXFileReference; lastKnownFileType = sourcecode.swift; path = ScaleEffectView.swift; sourceTree = "<group>"; };
/* End PBXFileReference section */

/* Begin PBXFrameworksBuildPhase section */
		533814562BC3AA710048F169 /* Frameworks */ = {
			isa = PBXFrameworksBuildPhase;
			buildActionMask = 2147483647;
			files = (
			);
			runOnlyForDeploymentPostprocessing = 0;
		};
/* End PBXFrameworksBuildPhase section */

/* Begin PBXGroup section */
		533814502BC3AA710048F169 = {
			isa = PBXGroup;
			children = (
				5338145B2BC3AA710048F169 /* RedSwiftUI */,
				5338145A2BC3AA710048F169 /* Products */,
			);
			sourceTree = "<group>";
		};
		5338145A2BC3AA710048F169 /* Products */ = {
			isa = PBXGroup;
			children = (
				533814592BC3AA710048F169 /* RedSwiftUI.app */,
			);
			name = Products;
			sourceTree = "<group>";
		};
		5338145B2BC3AA710048F169 /* RedSwiftUI */ = {
			isa = PBXGroup;
			children = (
				5338145C2BC3AA710048F169 /* RedSwiftUIApp.swift */,
				5338145E2BC3AA710048F169 /* ContentView.swift */,
				534C09392BC4CC98008D5F5F /* BasicView.swift */,
				5338146A2BC3AC450048F169 /* SpacerView.swift */,
				5338146E2BC3B1630048F169 /* OffsetView.swift */,
				533814702BC3B5A90048F169 /* TextView.swift */,
				533814722BC3BC890048F169 /* IconView.swift */,
				533814742BC3C5E30048F169 /* ImageView.swift */,
				533814762BC3D1D60048F169 /* AnimalImageView.swift */,
				533814782BC3DBAE0048F169 /* ButtonView.swift */,
				5338147A2BC3DF860048F169 /* PickerView.swift */,
				534C09372BC4C4C8008D5F5F /* FieldView.swift */,
				534C093B2BC4D276008D5F5F /* PickerDetailView.swift */,
				534C093D2BC4D558008D5F5F /* DatePickerView.swift */,
				534C093F2BC4E1E9008D5F5F /* ToggleView.swift */,
				535E78772BC4FA91001243EB /* LinkView.swift */,
				535E78792BC4FEA5001243EB /* TapGestureView.swift */,
				535E787B2BC5055E001243EB /* ScaleEffectView.swift */,
				535AEA912BC512E4009BD112 /* AlertView.swift */,
				535AEA932BC51AC1009BD112 /* ContextMenuView.swift */,
				535AEA952BC520A8009BD112 /* ListView.swift */,
				535AEA972BC5252D009BD112 /* StructView.swift */,
				535AEA992BC529A1009BD112 /* FormView.swift */,
				53279CCC2BC764D6009C1995 /* DisclosureGroupView.swift */,
				53279CCE2BC766EE009C1995 /* ScrollView.swift */,
				53279CD02BC76A82009C1995 /* OutlineGroupView.swift */,
				533814602BC3AA720048F169 /* Assets.xcassets */,
				533814622BC3AA720048F169 /* Preview Content */,
			);
			path = RedSwiftUI;
			sourceTree = "<group>";
		};
		533814622BC3AA720048F169 /* Preview Content */ = {
			isa = PBXGroup;
			children = (
				533814632BC3AA720048F169 /* Preview Assets.xcassets */,
			);
			path = "Preview Content";
			sourceTree = "<group>";
		};
/* End PBXGroup section */

/* Begin PBXNativeTarget section */
		533814582BC3AA710048F169 /* RedSwiftUI */ = {
			isa = PBXNativeTarget;
			buildConfigurationList = 533814672BC3AA720048F169 /* Build configuration list for PBXNativeTarget "RedSwiftUI" */;
			buildPhases = (
				533814552BC3AA710048F169 /* Sources */,
				533814562BC3AA710048F169 /* Frameworks */,
				533814572BC3AA710048F169 /* Resources */,
			);
			buildRules = (
			);
			dependencies = (
			);
			name = RedSwiftUI;
			productName = RedSwiftUI;
			productReference = 533814592BC3AA710048F169 /* RedSwiftUI.app */;
			productType = "com.apple.product-type.application";
		};
/* End PBXNativeTarget section */

/* Begin PBXProject section */
		533814512BC3AA710048F169 /* Project object */ = {
			isa = PBXProject;
			attributes = {
				BuildIndependentTargetsInParallel = 1;
				LastSwiftUpdateCheck = 1530;
				LastUpgradeCheck = 1530;
				TargetAttributes = {
					533814582BC3AA710048F169 = {
						CreatedOnToolsVersion = 15.3;
					};
				};
			};
			buildConfigurationList = 533814542BC3AA710048F169 /* Build configuration list for PBXProject "RedSwiftUI" */;
			compatibilityVersion = "Xcode 14.0";
			developmentRegion = en;
			hasScannedForEncodings = 0;
			knownRegions = (
				en,
				Base,
			);
			mainGroup = 533814502BC3AA710048F169;
			productRefGroup = 5338145A2BC3AA710048F169 /* Products */;
			projectDirPath = "";
			projectRoot = "";
			targets = (
				533814582BC3AA710048F169 /* RedSwiftUI */,
			);
		};
/* End PBXProject section */

/* Begin PBXResourcesBuildPhase section */
		533814572BC3AA710048F169 /* Resources */ = {
			isa = PBXResourcesBuildPhase;
			buildActionMask = 2147483647;
			files = (
				533814642BC3AA720048F169 /* Preview Assets.xcassets in Resources */,
				533814612BC3AA720048F169 /* Assets.xcassets in Resources */,
			);
			runOnlyForDeploymentPostprocessing = 0;
		};
/* End PBXResourcesBuildPhase section */

/* Begin PBXSourcesBuildPhase section */
		533814552BC3AA710048F169 /* Sources */ = {
			isa = PBXSourcesBuildPhase;
			buildActionMask = 2147483647;
			files = (
				535E787C2BC5055E001243EB /* ScaleEffectView.swift in Sources */,
				535AEA942BC51AC1009BD112 /* ContextMenuView.swift in Sources */,
				535AEA922BC512E4009BD112 /* AlertView.swift in Sources */,
				534C093C2BC4D276008D5F5F /* PickerDetailView.swift in Sources */,
				533814772BC3D1D60048F169 /* AnimalImageView.swift in Sources */,
				535E78782BC4FA91001243EB /* LinkView.swift in Sources */,
				5338145F2BC3AA710048F169 /* ContentView.swift in Sources */,
				533814732BC3BC890048F169 /* IconView.swift in Sources */,
				534C093E2BC4D558008D5F5F /* DatePickerView.swift in Sources */,
				534C093A2BC4CC98008D5F5F /* BasicView.swift in Sources */,
				5338146F2BC3B1630048F169 /* OffsetView.swift in Sources */,
				5338145D2BC3AA710048F169 /* RedSwiftUIApp.swift in Sources */,
				5338146B2BC3AC450048F169 /* SpacerView.swift in Sources */,
				534C09382BC4C4C8008D5F5F /* FieldView.swift in Sources */,
				533814752BC3C5E30048F169 /* ImageView.swift in Sources */,
				53279CD12BC76A82009C1995 /* OutlineGroupView.swift in Sources */,
				533814712BC3B5A90048F169 /* TextView.swift in Sources */,
				535E787A2BC4FEA5001243EB /* TapGestureView.swift in Sources */,
				53279CCD2BC764D6009C1995 /* DisclosureGroupView.swift in Sources */,
				535AEA9A2BC529A1009BD112 /* FormView.swift in Sources */,
				535AEA962BC520A8009BD112 /* ListView.swift in Sources */,
				5338147B2BC3DF860048F169 /* PickerView.swift in Sources */,
				534C09402BC4E1E9008D5F5F /* ToggleView.swift in Sources */,
				533814792BC3DBAE0048F169 /* ButtonView.swift in Sources */,
				53279CCF2BC766EE009C1995 /* ScrollView.swift in Sources */,
				535AEA982BC5252D009BD112 /* StructView.swift in Sources */,
			);
			runOnlyForDeploymentPostprocessing = 0;
		};
/* End PBXSourcesBuildPhase section */

/* Begin XCBuildConfiguration section */
		533814652BC3AA720048F169 /* Debug */ = {
			isa = XCBuildConfiguration;
			buildSettings = {
				ALWAYS_SEARCH_USER_PATHS = NO;
				ASSETCATALOG_COMPILER_GENERATE_SWIFT_ASSET_SYMBOL_EXTENSIONS = YES;
				CLANG_ANALYZER_NONNULL = YES;
				CLANG_ANALYZER_NUMBER_OBJECT_CONVERSION = YES_AGGRESSIVE;
				CLANG_CXX_LANGUAGE_STANDARD = "gnu++20";
				CLANG_ENABLE_MODULES = YES;
				CLANG_ENABLE_OBJC_ARC = YES;
				CLANG_ENABLE_OBJC_WEAK = YES;
				CLANG_WARN_BLOCK_CAPTURE_AUTORELEASING = YES;
				CLANG_WARN_BOOL_CONVERSION = YES;
				CLANG_WARN_COMMA = YES;
				CLANG_WARN_CONSTANT_CONVERSION = YES;
				CLANG_WARN_DEPRECATED_OBJC_IMPLEMENTATIONS = YES;
				CLANG_WARN_DIRECT_OBJC_ISA_USAGE = YES_ERROR;
				CLANG_WARN_DOCUMENTATION_COMMENTS = YES;
				CLANG_WARN_EMPTY_BODY = YES;
				CLANG_WARN_ENUM_CONVERSION = YES;
				CLANG_WARN_INFINITE_RECURSION = YES;
				CLANG_WARN_INT_CONVERSION = YES;
				CLANG_WARN_NON_LITERAL_NULL_CONVERSION = YES;
				CLANG_WARN_OBJC_IMPLICIT_RETAIN_SELF = YES;
				CLANG_WARN_OBJC_LITERAL_CONVERSION = YES;
				CLANG_WARN_OBJC_ROOT_CLASS = YES_ERROR;
				CLANG_WARN_QUOTED_INCLUDE_IN_FRAMEWORK_HEADER = YES;
				CLANG_WARN_RANGE_LOOP_ANALYSIS = YES;
				CLANG_WARN_STRICT_PROTOTYPES = YES;
				CLANG_WARN_SUSPICIOUS_MOVE = YES;
				CLANG_WARN_UNGUARDED_AVAILABILITY = YES_AGGRESSIVE;
				CLANG_WARN_UNREACHABLE_CODE = YES;
				CLANG_WARN__DUPLICATE_METHOD_MATCH = YES;
				COPY_PHASE_STRIP = NO;
				DEBUG_INFORMATION_FORMAT = dwarf;
				ENABLE_STRICT_OBJC_MSGSEND = YES;
				ENABLE_TESTABILITY = YES;
				ENABLE_USER_SCRIPT_SANDBOXING = YES;
				GCC_C_LANGUAGE_STANDARD = gnu17;
				GCC_DYNAMIC_NO_PIC = NO;
				GCC_NO_COMMON_BLOCKS = YES;
				GCC_OPTIMIZATION_LEVEL = 0;
				GCC_PREPROCESSOR_DEFINITIONS = (
					"DEBUG=1",
					"$(inherited)",
				);
				GCC_WARN_64_TO_32_BIT_CONVERSION = YES;
				GCC_WARN_ABOUT_RETURN_TYPE = YES_ERROR;
				GCC_WARN_UNDECLARED_SELECTOR = YES;
				GCC_WARN_UNINITIALIZED_AUTOS = YES_AGGRESSIVE;
				GCC_WARN_UNUSED_FUNCTION = YES;
				GCC_WARN_UNUSED_VARIABLE = YES;
				IPHONEOS_DEPLOYMENT_TARGET = 17.4;
				LOCALIZATION_PREFERS_STRING_CATALOGS = YES;
				MTL_ENABLE_DEBUG_INFO = INCLUDE_SOURCE;
				MTL_FAST_MATH = YES;
				ONLY_ACTIVE_ARCH = YES;
				SDKROOT = iphoneos;
				SWIFT_ACTIVE_COMPILATION_CONDITIONS = "DEBUG $(inherited)";
				SWIFT_OPTIMIZATION_LEVEL = "-Onone";
			};
			name = Debug;
		};
		533814662BC3AA720048F169 /* Release */ = {
			isa = XCBuildConfiguration;
			buildSettings = {
				ALWAYS_SEARCH_USER_PATHS = NO;
				ASSETCATALOG_COMPILER_GENERATE_SWIFT_ASSET_SYMBOL_EXTENSIONS = YES;
				CLANG_ANALYZER_NONNULL = YES;
				CLANG_ANALYZER_NUMBER_OBJECT_CONVERSION = YES_AGGRESSIVE;
				CLANG_CXX_LANGUAGE_STANDARD = "gnu++20";
				CLANG_ENABLE_MODULES = YES;
				CLANG_ENABLE_OBJC_ARC = YES;
				CLANG_ENABLE_OBJC_WEAK = YES;
				CLANG_WARN_BLOCK_CAPTURE_AUTORELEASING = YES;
				CLANG_WARN_BOOL_CONVERSION = YES;
				CLANG_WARN_COMMA = YES;
				CLANG_WARN_CONSTANT_CONVERSION = YES;
				CLANG_WARN_DEPRECATED_OBJC_IMPLEMENTATIONS = YES;
				CLANG_WARN_DIRECT_OBJC_ISA_USAGE = YES_ERROR;
				CLANG_WARN_DOCUMENTATION_COMMENTS = YES;
				CLANG_WARN_EMPTY_BODY = YES;
				CLANG_WARN_ENUM_CONVERSION = YES;
				CLANG_WARN_INFINITE_RECURSION = YES;
				CLANG_WARN_INT_CONVERSION = YES;
				CLANG_WARN_NON_LITERAL_NULL_CONVERSION = YES;
				CLANG_WARN_OBJC_IMPLICIT_RETAIN_SELF = YES;
				CLANG_WARN_OBJC_LITERAL_CONVERSION = YES;
				CLANG_WARN_OBJC_ROOT_CLASS = YES_ERROR;
				CLANG_WARN_QUOTED_INCLUDE_IN_FRAMEWORK_HEADER = YES;
				CLANG_WARN_RANGE_LOOP_ANALYSIS = YES;
				CLANG_WARN_STRICT_PROTOTYPES = YES;
				CLANG_WARN_SUSPICIOUS_MOVE = YES;
				CLANG_WARN_UNGUARDED_AVAILABILITY = YES_AGGRESSIVE;
				CLANG_WARN_UNREACHABLE_CODE = YES;
				CLANG_WARN__DUPLICATE_METHOD_MATCH = YES;
				COPY_PHASE_STRIP = NO;
				DEBUG_INFORMATION_FORMAT = "dwarf-with-dsym";
				ENABLE_NS_ASSERTIONS = NO;
				ENABLE_STRICT_OBJC_MSGSEND = YES;
				ENABLE_USER_SCRIPT_SANDBOXING = YES;
				GCC_C_LANGUAGE_STANDARD = gnu17;
				GCC_NO_COMMON_BLOCKS = YES;
				GCC_WARN_64_TO_32_BIT_CONVERSION = YES;
				GCC_WARN_ABOUT_RETURN_TYPE = YES_ERROR;
				GCC_WARN_UNDECLARED_SELECTOR = YES;
				GCC_WARN_UNINITIALIZED_AUTOS = YES_AGGRESSIVE;
				GCC_WARN_UNUSED_FUNCTION = YES;
				GCC_WARN_UNUSED_VARIABLE = YES;
				IPHONEOS_DEPLOYMENT_TARGET = 17.4;
				LOCALIZATION_PREFERS_STRING_CATALOGS = YES;
				MTL_ENABLE_DEBUG_INFO = NO;
				MTL_FAST_MATH = YES;
				SDKROOT = iphoneos;
				SWIFT_COMPILATION_MODE = wholemodule;
				VALIDATE_PRODUCT = YES;
			};
			name = Release;
		};
		533814682BC3AA720048F169 /* Debug */ = {
			isa = XCBuildConfiguration;
			buildSettings = {
				ASSETCATALOG_COMPILER_APPICON_NAME = AppIcon;
				ASSETCATALOG_COMPILER_GLOBAL_ACCENT_COLOR_NAME = AccentColor;
				CODE_SIGN_STYLE = Automatic;
				CURRENT_PROJECT_VERSION = 1;
				DEVELOPMENT_ASSET_PATHS = "\"RedSwiftUI/Preview Content\"";
				ENABLE_PREVIEWS = YES;
				GENERATE_INFOPLIST_FILE = YES;
				INFOPLIST_KEY_UIApplicationSceneManifest_Generation = YES;
				INFOPLIST_KEY_UIApplicationSupportsIndirectInputEvents = YES;
				INFOPLIST_KEY_UILaunchScreen_Generation = YES;
				INFOPLIST_KEY_UISupportedInterfaceOrientations_iPad = "UIInterfaceOrientationPortrait UIInterfaceOrientationPortraitUpsideDown UIInterfaceOrientationLandscapeLeft UIInterfaceOrientationLandscapeRight";
				INFOPLIST_KEY_UISupportedInterfaceOrientations_iPhone = "UIInterfaceOrientationPortrait UIInterfaceOrientationLandscapeLeft UIInterfaceOrientationLandscapeRight";
				LD_RUNPATH_SEARCH_PATHS = (
					"$(inherited)",
					"@executable_path/Frameworks",
				);
				MARKETING_VERSION = 1.0;
				PRODUCT_BUNDLE_IDENTIFIER = kr.co.uunwon.RedSwiftUI;
				PRODUCT_NAME = "$(TARGET_NAME)";
				SWIFT_EMIT_LOC_STRINGS = YES;
				SWIFT_VERSION = 5.0;
				TARGETED_DEVICE_FAMILY = "1,2";
			};
			name = Debug;
		};
		533814692BC3AA720048F169 /* Release */ = {
			isa = XCBuildConfiguration;
			buildSettings = {
				ASSETCATALOG_COMPILER_APPICON_NAME = AppIcon;
				ASSETCATALOG_COMPILER_GLOBAL_ACCENT_COLOR_NAME = AccentColor;
				CODE_SIGN_STYLE = Automatic;
				CURRENT_PROJECT_VERSION = 1;
				DEVELOPMENT_ASSET_PATHS = "\"RedSwiftUI/Preview Content\"";
				ENABLE_PREVIEWS = YES;
				GENERATE_INFOPLIST_FILE = YES;
				INFOPLIST_KEY_UIApplicationSceneManifest_Generation = YES;
				INFOPLIST_KEY_UIApplicationSupportsIndirectInputEvents = YES;
				INFOPLIST_KEY_UILaunchScreen_Generation = YES;
				INFOPLIST_KEY_UISupportedInterfaceOrientations_iPad = "UIInterfaceOrientationPortrait UIInterfaceOrientationPortraitUpsideDown UIInterfaceOrientationLandscapeLeft UIInterfaceOrientationLandscapeRight";
				INFOPLIST_KEY_UISupportedInterfaceOrientations_iPhone = "UIInterfaceOrientationPortrait UIInterfaceOrientationLandscapeLeft UIInterfaceOrientationLandscapeRight";
				LD_RUNPATH_SEARCH_PATHS = (
					"$(inherited)",
					"@executable_path/Frameworks",
				);
				MARKETING_VERSION = 1.0;
				PRODUCT_BUNDLE_IDENTIFIER = kr.co.uunwon.RedSwiftUI;
				PRODUCT_NAME = "$(TARGET_NAME)";
				SWIFT_EMIT_LOC_STRINGS = YES;
				SWIFT_VERSION = 5.0;
				TARGETED_DEVICE_FAMILY = "1,2";
			};
			name = Release;
		};
/* End XCBuildConfiguration section */

/* Begin XCConfigurationList section */
		533814542BC3AA710048F169 /* Build configuration list for PBXProject "RedSwiftUI" */ = {
			isa = XCConfigurationList;
			buildConfigurations = (
				533814652BC3AA720048F169 /* Debug */,
				533814662BC3AA720048F169 /* Release */,
			);
			defaultConfigurationIsVisible = 0;
			defaultConfigurationName = Release;
		};
		533814672BC3AA720048F169 /* Build configuration list for PBXNativeTarget "RedSwiftUI" */ = {
			isa = XCConfigurationList;
			buildConfigurations = (
				533814682BC3AA720048F169 /* Debug */,
				533814692BC3AA720048F169 /* Release */,
			);
			defaultConfigurationIsVisible = 0;
			defaultConfigurationName = Release;
		};
/* End XCConfigurationList section */
	};
	rootObject = 533814512BC3AA710048F169 /* Project object */;
}
