// !$*UTF8*$!
{
	archiveVersion = 1;
	classes = {
	};
	objectVersion = 56;
	objects = {

/* Begin PBXBuildFile section */
		53501DA92BCE342000A01689 /* CarDataApp.swift in Sources */ = {isa = PBXBuildFile; fileRef = 53501DA82BCE342000A01689 /* CarDataApp.swift */; };
		53501DAB2BCE342000A01689 /* ContentView.swift in Sources */ = {isa = PBXBuildFile; fileRef = 53501DAA2BCE342000A01689 /* ContentView.swift */; };
		53501DAD2BCE342100A01689 /* Assets.xcassets in Resources */ = {isa = PBXBuildFile; fileRef = 53501DAC2BCE342100A01689 /* Assets.xcassets */; };
		53501DB02BCE342100A01689 /* Preview Assets.xcassets in Resources */ = {isa = PBXBuildFile; fileRef = 53501DAF2BCE342100A01689 /* Preview Assets.xcassets */; };
		53501DB72BCE348B00A01689 /* CarData.swift in Sources */ = {isa = PBXBuildFile; fileRef = 53501DB62BCE348B00A01689 /* CarData.swift */; };
		53501DBC2BCE462D00A01689 /* CarListView.swift in Sources */ = {isa = PBXBuildFile; fileRef = 53501DBB2BCE462D00A01689 /* CarListView.swift */; };
		53501DBE2BCE474400A01689 /* CarSelectView.swift in Sources */ = {isa = PBXBuildFile; fileRef = 53501DBD2BCE474400A01689 /* CarSelectView.swift */; };
		53501DC02BCE4BEF00A01689 /* CarListViewModel.swift in Sources */ = {isa = PBXBuildFile; fileRef = 53501DBF2BCE4BEF00A01689 /* CarListViewModel.swift */; };
/* End PBXBuildFile section */

/* Begin PBXFileReference section */
		53501DA52BCE342000A01689 /* CarData.app */ = {isa = PBXFileReference; explicitFileType = wrapper.application; includeInIndex = 0; path = CarData.app; sourceTree = BUILT_PRODUCTS_DIR; };
		53501DA82BCE342000A01689 /* CarDataApp.swift */ = {isa = PBXFileReference; lastKnownFileType = sourcecode.swift; path = CarDataApp.swift; sourceTree = "<group>"; };
		53501DAA2BCE342000A01689 /* ContentView.swift */ = {isa = PBXFileReference; lastKnownFileType = sourcecode.swift; path = ContentView.swift; sourceTree = "<group>"; };
		53501DAC2BCE342100A01689 /* Assets.xcassets */ = {isa = PBXFileReference; lastKnownFileType = folder.assetcatalog; path = Assets.xcassets; sourceTree = "<group>"; };
		53501DAF2BCE342100A01689 /* Preview Assets.xcassets */ = {isa = PBXFileReference; lastKnownFileType = folder.assetcatalog; path = "Preview Assets.xcassets"; sourceTree = "<group>"; };
		53501DB62BCE348B00A01689 /* CarData.swift */ = {isa = PBXFileReference; lastKnownFileType = sourcecode.swift; path = CarData.swift; sourceTree = "<group>"; };
		53501DBB2BCE462D00A01689 /* CarListView.swift */ = {isa = PBXFileReference; lastKnownFileType = sourcecode.swift; path = CarListView.swift; sourceTree = "<group>"; };
		53501DBD2BCE474400A01689 /* CarSelectView.swift */ = {isa = PBXFileReference; lastKnownFileType = sourcecode.swift; path = CarSelectView.swift; sourceTree = "<group>"; };
		53501DBF2BCE4BEF00A01689 /* CarListViewModel.swift */ = {isa = PBXFileReference; lastKnownFileType = sourcecode.swift; path = CarListViewModel.swift; sourceTree = "<group>"; };
/* End PBXFileReference section */

/* Begin PBXFrameworksBuildPhase section */
		53501DA22BCE342000A01689 /* Frameworks */ = {
			isa = PBXFrameworksBuildPhase;
			buildActionMask = 2147483647;
			files = (
			);
			runOnlyForDeploymentPostprocessing = 0;
		};
/* End PBXFrameworksBuildPhase section */

/* Begin PBXGroup section */
		53501D9C2BCE342000A01689 = {
			isa = PBXGroup;
			children = (
				53501DA72BCE342000A01689 /* CarData */,
				53501DA62BCE342000A01689 /* Products */,
			);
			sourceTree = "<group>";
		};
		53501DA62BCE342000A01689 /* Products */ = {
			isa = PBXGroup;
			children = (
				53501DA52BCE342000A01689 /* CarData.app */,
			);
			name = Products;
			sourceTree = "<group>";
		};
		53501DA72BCE342000A01689 /* CarData */ = {
			isa = PBXGroup;
			children = (
				53501DA82BCE342000A01689 /* CarDataApp.swift */,
				53501DAA2BCE342000A01689 /* ContentView.swift */,
				53501DB82BCE43BA00A01689 /* Model */,
				53501DBA2BCE443D00A01689 /* View */,
				53501DB92BCE43CE00A01689 /* ViewModel */,
				53501DAC2BCE342100A01689 /* Assets.xcassets */,
				53501DAE2BCE342100A01689 /* Preview Content */,
			);
			path = CarData;
			sourceTree = "<group>";
		};
		53501DAE2BCE342100A01689 /* Preview Content */ = {
			isa = PBXGroup;
			children = (
				53501DAF2BCE342100A01689 /* Preview Assets.xcassets */,
			);
			path = "Preview Content";
			sourceTree = "<group>";
		};
		53501DB82BCE43BA00A01689 /* Model */ = {
			isa = PBXGroup;
			children = (
				53501DB62BCE348B00A01689 /* CarData.swift */,
			);
			path = Model;
			sourceTree = "<group>";
		};
		53501DB92BCE43CE00A01689 /* ViewModel */ = {
			isa = PBXGroup;
			children = (
				53501DBF2BCE4BEF00A01689 /* CarListViewModel.swift */,
			);
			path = ViewModel;
			sourceTree = "<group>";
		};
		53501DBA2BCE443D00A01689 /* View */ = {
			isa = PBXGroup;
			children = (
				53501DBB2BCE462D00A01689 /* CarListView.swift */,
				53501DBD2BCE474400A01689 /* CarSelectView.swift */,
			);
			path = View;
			sourceTree = "<group>";
		};
/* End PBXGroup section */

/* Begin PBXNativeTarget section */
		53501DA42BCE342000A01689 /* CarData */ = {
			isa = PBXNativeTarget;
			buildConfigurationList = 53501DB32BCE342100A01689 /* Build configuration list for PBXNativeTarget "CarData" */;
			buildPhases = (
				53501DA12BCE342000A01689 /* Sources */,
				53501DA22BCE342000A01689 /* Frameworks */,
				53501DA32BCE342000A01689 /* Resources */,
			);
			buildRules = (
			);
			dependencies = (
			);
			name = CarData;
			productName = CarData;
			productReference = 53501DA52BCE342000A01689 /* CarData.app */;
			productType = "com.apple.product-type.application";
		};
/* End PBXNativeTarget section */

/* Begin PBXProject section */
		53501D9D2BCE342000A01689 /* Project object */ = {
			isa = PBXProject;
			attributes = {
				BuildIndependentTargetsInParallel = 1;
				LastSwiftUpdateCheck = 1530;
				LastUpgradeCheck = 1530;
				TargetAttributes = {
					53501DA42BCE342000A01689 = {
						CreatedOnToolsVersion = 15.3;
					};
				};
			};
			buildConfigurationList = 53501DA02BCE342000A01689 /* Build configuration list for PBXProject "CarData" */;
			compatibilityVersion = "Xcode 14.0";
			developmentRegion = en;
			hasScannedForEncodings = 0;
			knownRegions = (
				en,
				Base,
			);
			mainGroup = 53501D9C2BCE342000A01689;
			productRefGroup = 53501DA62BCE342000A01689 /* Products */;
			projectDirPath = "";
			projectRoot = "";
			targets = (
				53501DA42BCE342000A01689 /* CarData */,
			);
		};
/* End PBXProject section */

/* Begin PBXResourcesBuildPhase section */
		53501DA32BCE342000A01689 /* Resources */ = {
			isa = PBXResourcesBuildPhase;
			buildActionMask = 2147483647;
			files = (
				53501DB02BCE342100A01689 /* Preview Assets.xcassets in Resources */,
				53501DAD2BCE342100A01689 /* Assets.xcassets in Resources */,
			);
			runOnlyForDeploymentPostprocessing = 0;
		};
/* End PBXResourcesBuildPhase section */

/* Begin PBXSourcesBuildPhase section */
		53501DA12BCE342000A01689 /* Sources */ = {
			isa = PBXSourcesBuildPhase;
			buildActionMask = 2147483647;
			files = (
				53501DAB2BCE342000A01689 /* ContentView.swift in Sources */,
				53501DBC2BCE462D00A01689 /* CarListView.swift in Sources */,
				53501DA92BCE342000A01689 /* CarDataApp.swift in Sources */,
				53501DBE2BCE474400A01689 /* CarSelectView.swift in Sources */,
				53501DB72BCE348B00A01689 /* CarData.swift in Sources */,
				53501DC02BCE4BEF00A01689 /* CarListViewModel.swift in Sources */,
			);
			runOnlyForDeploymentPostprocessing = 0;
		};
/* End PBXSourcesBuildPhase section */

/* Begin XCBuildConfiguration section */
		53501DB12BCE342100A01689 /* Debug */ = {
			isa = XCBuildConfiguration;
			buildSettings = {
				ALWAYS_SEARCH_USER_PATHS = NO;
				ASSETCATALOG_COMPILER_GENERATE_SWIFT_ASSET_SYMBOL_EXTENSIONS = YES;
				CLANG_ANALYZER_NONNULL = YES;
				CLANG_ANALYZER_NUMBER_OBJECT_CONVERSION = YES_AGGRESSIVE;
				CLANG_CXX_LANGUAGE_STANDARD = "gnu++20";
				CLANG_ENABLE_MODULES = YES;
				CLANG_ENABLE_OBJC_ARC = YES;
				CLANG_ENABLE_OBJC_WEAK = YES;
				CLANG_WARN_BLOCK_CAPTURE_AUTORELEASING = YES;
				CLANG_WARN_BOOL_CONVERSION = YES;
				CLANG_WARN_COMMA = YES;
				CLANG_WARN_CONSTANT_CONVERSION = YES;
				CLANG_WARN_DEPRECATED_OBJC_IMPLEMENTATIONS = YES;
				CLANG_WARN_DIRECT_OBJC_ISA_USAGE = YES_ERROR;
				CLANG_WARN_DOCUMENTATION_COMMENTS = YES;
				CLANG_WARN_EMPTY_BODY = YES;
				CLANG_WARN_ENUM_CONVERSION = YES;
				CLANG_WARN_INFINITE_RECURSION = YES;
				CLANG_WARN_INT_CONVERSION = YES;
				CLANG_WARN_NON_LITERAL_NULL_CONVERSION = YES;
				CLANG_WARN_OBJC_IMPLICIT_RETAIN_SELF = YES;
				CLANG_WARN_OBJC_LITERAL_CONVERSION = YES;
				CLANG_WARN_OBJC_ROOT_CLASS = YES_ERROR;
				CLANG_WARN_QUOTED_INCLUDE_IN_FRAMEWORK_HEADER = YES;
				CLANG_WARN_RANGE_LOOP_ANALYSIS = YES;
				CLANG_WARN_STRICT_PROTOTYPES = YES;
				CLANG_WARN_SUSPICIOUS_MOVE = YES;
				CLANG_WARN_UNGUARDED_AVAILABILITY = YES_AGGRESSIVE;
				CLANG_WARN_UNREACHABLE_CODE = YES;
				CLANG_WARN__DUPLICATE_METHOD_MATCH = YES;
				COPY_PHASE_STRIP = NO;
				DEBUG_INFORMATION_FORMAT = dwarf;
				ENABLE_STRICT_OBJC_MSGSEND = YES;
				ENABLE_TESTABILITY = YES;
				ENABLE_USER_SCRIPT_SANDBOXING = YES;
				GCC_C_LANGUAGE_STANDARD = gnu17;
				GCC_DYNAMIC_NO_PIC = NO;
				GCC_NO_COMMON_BLOCKS = YES;
				GCC_OPTIMIZATION_LEVEL = 0;
				GCC_PREPROCESSOR_DEFINITIONS = (
					"DEBUG=1",
					"$(inherited)",
				);
				GCC_WARN_64_TO_32_BIT_CONVERSION = YES;
				GCC_WARN_ABOUT_RETURN_TYPE = YES_ERROR;
				GCC_WARN_UNDECLARED_SELECTOR = YES;
				GCC_WARN_UNINITIALIZED_AUTOS = YES_AGGRESSIVE;
				GCC_WARN_UNUSED_FUNCTION = YES;
				GCC_WARN_UNUSED_VARIABLE = YES;
				IPHONEOS_DEPLOYMENT_TARGET = 17.4;
				LOCALIZATION_PREFERS_STRING_CATALOGS = YES;
				MTL_ENABLE_DEBUG_INFO = INCLUDE_SOURCE;
				MTL_FAST_MATH = YES;
				ONLY_ACTIVE_ARCH = YES;
				SDKROOT = iphoneos;
				SWIFT_ACTIVE_COMPILATION_CONDITIONS = "DEBUG $(inherited)";
				SWIFT_OPTIMIZATION_LEVEL = "-Onone";
			};
			name = Debug;
		};
		53501DB22BCE342100A01689 /* Release */ = {
			isa = XCBuildConfiguration;
			buildSettings = {
				ALWAYS_SEARCH_USER_PATHS = NO;
				ASSETCATALOG_COMPILER_GENERATE_SWIFT_ASSET_SYMBOL_EXTENSIONS = YES;
				CLANG_ANALYZER_NONNULL = YES;
				CLANG_ANALYZER_NUMBER_OBJECT_CONVERSION = YES_AGGRESSIVE;
				CLANG_CXX_LANGUAGE_STANDARD = "gnu++20";
				CLANG_ENABLE_MODULES = YES;
				CLANG_ENABLE_OBJC_ARC = YES;
				CLANG_ENABLE_OBJC_WEAK = YES;
				CLANG_WARN_BLOCK_CAPTURE_AUTORELEASING = YES;
				CLANG_WARN_BOOL_CONVERSION = YES;
				CLANG_WARN_COMMA = YES;
				CLANG_WARN_CONSTANT_CONVERSION = YES;
				CLANG_WARN_DEPRECATED_OBJC_IMPLEMENTATIONS = YES;
				CLANG_WARN_DIRECT_OBJC_ISA_USAGE = YES_ERROR;
				CLANG_WARN_DOCUMENTATION_COMMENTS = YES;
				CLANG_WARN_EMPTY_BODY = YES;
				CLANG_WARN_ENUM_CONVERSION = YES;
				CLANG_WARN_INFINITE_RECURSION = YES;
				CLANG_WARN_INT_CONVERSION = YES;
				CLANG_WARN_NON_LITERAL_NULL_CONVERSION = YES;
				CLANG_WARN_OBJC_IMPLICIT_RETAIN_SELF = YES;
				CLANG_WARN_OBJC_LITERAL_CONVERSION = YES;
				CLANG_WARN_OBJC_ROOT_CLASS = YES_ERROR;
				CLANG_WARN_QUOTED_INCLUDE_IN_FRAMEWORK_HEADER = YES;
				CLANG_WARN_RANGE_LOOP_ANALYSIS = YES;
				CLANG_WARN_STRICT_PROTOTYPES = YES;
				CLANG_WARN_SUSPICIOUS_MOVE = YES;
				CLANG_WARN_UNGUARDED_AVAILABILITY = YES_AGGRESSIVE;
				CLANG_WARN_UNREACHABLE_CODE = YES;
				CLANG_WARN__DUPLICATE_METHOD_MATCH = YES;
				COPY_PHASE_STRIP = NO;
				DEBUG_INFORMATION_FORMAT = "dwarf-with-dsym";
				ENABLE_NS_ASSERTIONS = NO;
				ENABLE_STRICT_OBJC_MSGSEND = YES;
				ENABLE_USER_SCRIPT_SANDBOXING = YES;
				GCC_C_LANGUAGE_STANDARD = gnu17;
				GCC_NO_COMMON_BLOCKS = YES;
				GCC_WARN_64_TO_32_BIT_CONVERSION = YES;
				GCC_WARN_ABOUT_RETURN_TYPE = YES_ERROR;
				GCC_WARN_UNDECLARED_SELECTOR = YES;
				GCC_WARN_UNINITIALIZED_AUTOS = YES_AGGRESSIVE;
				GCC_WARN_UNUSED_FUNCTION = YES;
				GCC_WARN_UNUSED_VARIABLE = YES;
				IPHONEOS_DEPLOYMENT_TARGET = 17.4;
				LOCALIZATION_PREFERS_STRING_CATALOGS = YES;
				MTL_ENABLE_DEBUG_INFO = NO;
				MTL_FAST_MATH = YES;
				SDKROOT = iphoneos;
				SWIFT_COMPILATION_MODE = wholemodule;
				VALIDATE_PRODUCT = YES;
			};
			name = Release;
		};
		53501DB42BCE342100A01689 /* Debug */ = {
			isa = XCBuildConfiguration;
			buildSettings = {
				ASSETCATALOG_COMPILER_APPICON_NAME = AppIcon;
				ASSETCATALOG_COMPILER_GLOBAL_ACCENT_COLOR_NAME = AccentColor;
				CODE_SIGN_STYLE = Automatic;
				CURRENT_PROJECT_VERSION = 1;
				DEVELOPMENT_ASSET_PATHS = "\"CarData/Preview Content\"";
				ENABLE_PREVIEWS = YES;
				GENERATE_INFOPLIST_FILE = YES;
				INFOPLIST_KEY_UIApplicationSceneManifest_Generation = YES;
				INFOPLIST_KEY_UIApplicationSupportsIndirectInputEvents = YES;
				INFOPLIST_KEY_UILaunchScreen_Generation = YES;
				INFOPLIST_KEY_UISupportedInterfaceOrientations_iPad = "UIInterfaceOrientationPortrait UIInterfaceOrientationPortraitUpsideDown UIInterfaceOrientationLandscapeLeft UIInterfaceOrientationLandscapeRight";
				INFOPLIST_KEY_UISupportedInterfaceOrientations_iPhone = "UIInterfaceOrientationPortrait UIInterfaceOrientationLandscapeLeft UIInterfaceOrientationLandscapeRight";
				LD_RUNPATH_SEARCH_PATHS = (
					"$(inherited)",
					"@executable_path/Frameworks",
				);
				MARKETING_VERSION = 1.0;
				PRODUCT_BUNDLE_IDENTIFIER = kr.co.uunwon.CarData;
				PRODUCT_NAME = "$(TARGET_NAME)";
				SWIFT_EMIT_LOC_STRINGS = YES;
				SWIFT_VERSION = 5.0;
				TARGETED_DEVICE_FAMILY = "1,2";
			};
			name = Debug;
		};
		53501DB52BCE342100A01689 /* Release */ = {
			isa = XCBuildConfiguration;
			buildSettings = {
				ASSETCATALOG_COMPILER_APPICON_NAME = AppIcon;
				ASSETCATALOG_COMPILER_GLOBAL_ACCENT_COLOR_NAME = AccentColor;
				CODE_SIGN_STYLE = Automatic;
				CURRENT_PROJECT_VERSION = 1;
				DEVELOPMENT_ASSET_PATHS = "\"CarData/Preview Content\"";
				ENABLE_PREVIEWS = YES;
				GENERATE_INFOPLIST_FILE = YES;
				INFOPLIST_KEY_UIApplicationSceneManifest_Generation = YES;
				INFOPLIST_KEY_UIApplicationSupportsIndirectInputEvents = YES;
				INFOPLIST_KEY_UILaunchScreen_Generation = YES;
				INFOPLIST_KEY_UISupportedInterfaceOrientations_iPad = "UIInterfaceOrientationPortrait UIInterfaceOrientationPortraitUpsideDown UIInterfaceOrientationLandscapeLeft UIInterfaceOrientationLandscapeRight";
				INFOPLIST_KEY_UISupportedInterfaceOrientations_iPhone = "UIInterfaceOrientationPortrait UIInterfaceOrientationLandscapeLeft UIInterfaceOrientationLandscapeRight";
				LD_RUNPATH_SEARCH_PATHS = (
					"$(inherited)",
					"@executable_path/Frameworks",
				);
				MARKETING_VERSION = 1.0;
				PRODUCT_BUNDLE_IDENTIFIER = kr.co.uunwon.CarData;
				PRODUCT_NAME = "$(TARGET_NAME)";
				SWIFT_EMIT_LOC_STRINGS = YES;
				SWIFT_VERSION = 5.0;
				TARGETED_DEVICE_FAMILY = "1,2";
			};
			name = Release;
		};
/* End XCBuildConfiguration section */

/* Begin XCConfigurationList section */
		53501DA02BCE342000A01689 /* Build configuration list for PBXProject "CarData" */ = {
			isa = XCConfigurationList;
			buildConfigurations = (
				53501DB12BCE342100A01689 /* Debug */,
				53501DB22BCE342100A01689 /* Release */,
			);
			defaultConfigurationIsVisible = 0;
			defaultConfigurationName = Release;
		};
		53501DB32BCE342100A01689 /* Build configuration list for PBXNativeTarget "CarData" */ = {
			isa = XCConfigurationList;
			buildConfigurations = (
				53501DB42BCE342100A01689 /* Debug */,
				53501DB52BCE342100A01689 /* Release */,
			);
			defaultConfigurationIsVisible = 0;
			defaultConfigurationName = Release;
		};
/* End XCConfigurationList section */
	};
	rootObject = 53501D9D2BCE342000A01689 /* Project object */;
}
