// !$*UTF8*$!
{
	archiveVersion = 1;
	classes = {
	};
	objectVersion = 56;
	objects = {

/* Begin PBXBuildFile section */
		533B7F712BDF59AE0079D7CF /* FirebaseBasicApp.swift in Sources */ = {isa = PBXBuildFile; fileRef = 533B7F702BDF59AE0079D7CF /* FirebaseBasicApp.swift */; };
		533B7F732BDF59AE0079D7CF /* ContentView.swift in Sources */ = {isa = PBXBuildFile; fileRef = 533B7F722BDF59AE0079D7CF /* ContentView.swift */; };
		533B7F752BDF59B00079D7CF /* Assets.xcassets in Resources */ = {isa = PBXBuildFile; fileRef = 533B7F742BDF59B00079D7CF /* Assets.xcassets */; };
		533B7F782BDF59B00079D7CF /* Preview Assets.xcassets in Resources */ = {isa = PBXBuildFile; fileRef = 533B7F772BDF59B00079D7CF /* Preview Assets.xcassets */; };
		533B7F802BDF59E30079D7CF /* FirebaseAuth in Frameworks */ = {isa = PBXBuildFile; productRef = 533B7F7F2BDF59E30079D7CF /* FirebaseAuth */; };
		533B7F832BDF5A250079D7CF /* GoogleSignIn in Frameworks */ = {isa = PBXBuildFile; productRef = 533B7F822BDF5A250079D7CF /* GoogleSignIn */; };
		533B7F852BDF5A250079D7CF /* GoogleSignInSwift in Frameworks */ = {isa = PBXBuildFile; productRef = 533B7F842BDF5A250079D7CF /* GoogleSignInSwift */; };
		533B7F882BDF6B2B0079D7CF /* GoogleService-Info.plist in Resources */ = {isa = PBXBuildFile; fileRef = 533B7F872BDF6B2B0079D7CF /* GoogleService-Info.plist */; };
		533B7F8A2BDF752F0079D7CF /* AuthenticationViewModel.swift in Sources */ = {isa = PBXBuildFile; fileRef = 533B7F892BDF752F0079D7CF /* AuthenticationViewModel.swift */; };
		533B7F8C2BDF81DC0079D7CF /* ProfileView.swift in Sources */ = {isa = PBXBuildFile; fileRef = 533B7F8B2BDF81DC0079D7CF /* ProfileView.swift */; };
		533B7F8E2BDF8EB70079D7CF /* FirebaseFirestore in Frameworks */ = {isa = PBXBuildFile; productRef = 533B7F8D2BDF8EB70079D7CF /* FirebaseFirestore */; };
		533B7F902BDF8EB70079D7CF /* FirebaseFirestoreSwift in Frameworks */ = {isa = PBXBuildFile; productRef = 533B7F8F2BDF8EB70079D7CF /* FirebaseFirestoreSwift */; };
		533B7F922BDF8EF50079D7CF /* Note.swift in Sources */ = {isa = PBXBuildFile; fileRef = 533B7F912BDF8EF50079D7CF /* Note.swift */; };
		533B7F942BDF90860079D7CF /* NoteService.swift in Sources */ = {isa = PBXBuildFile; fileRef = 533B7F932BDF90860079D7CF /* NoteService.swift */; };
/* End PBXBuildFile section */

/* Begin PBXFileReference section */
		533B7F6D2BDF59AE0079D7CF /* FirebaseBasic.app */ = {isa = PBXFileReference; explicitFileType = wrapper.application; includeInIndex = 0; path = FirebaseBasic.app; sourceTree = BUILT_PRODUCTS_DIR; };
		533B7F702BDF59AE0079D7CF /* FirebaseBasicApp.swift */ = {isa = PBXFileReference; lastKnownFileType = sourcecode.swift; path = FirebaseBasicApp.swift; sourceTree = "<group>"; };
		533B7F722BDF59AE0079D7CF /* ContentView.swift */ = {isa = PBXFileReference; lastKnownFileType = sourcecode.swift; path = ContentView.swift; sourceTree = "<group>"; };
		533B7F742BDF59B00079D7CF /* Assets.xcassets */ = {isa = PBXFileReference; lastKnownFileType = folder.assetcatalog; path = Assets.xcassets; sourceTree = "<group>"; };
		533B7F772BDF59B00079D7CF /* Preview Assets.xcassets */ = {isa = PBXFileReference; lastKnownFileType = folder.assetcatalog; path = "Preview Assets.xcassets"; sourceTree = "<group>"; };
		533B7F862BDF5E110079D7CF /* Info.plist */ = {isa = PBXFileReference; lastKnownFileType = text.plist; path = Info.plist; sourceTree = "<group>"; };
		533B7F872BDF6B2B0079D7CF /* GoogleService-Info.plist */ = {isa = PBXFileReference; fileEncoding = 4; lastKnownFileType = text.plist.xml; path = "GoogleService-Info.plist"; sourceTree = "<group>"; };
		533B7F892BDF752F0079D7CF /* AuthenticationViewModel.swift */ = {isa = PBXFileReference; lastKnownFileType = sourcecode.swift; path = AuthenticationViewModel.swift; sourceTree = "<group>"; };
		533B7F8B2BDF81DC0079D7CF /* ProfileView.swift */ = {isa = PBXFileReference; lastKnownFileType = sourcecode.swift; path = ProfileView.swift; sourceTree = "<group>"; };
		533B7F912BDF8EF50079D7CF /* Note.swift */ = {isa = PBXFileReference; lastKnownFileType = sourcecode.swift; path = Note.swift; sourceTree = "<group>"; };
		533B7F932BDF90860079D7CF /* NoteService.swift */ = {isa = PBXFileReference; lastKnownFileType = sourcecode.swift; path = NoteService.swift; sourceTree = "<group>"; };
/* End PBXFileReference section */

/* Begin PBXFrameworksBuildPhase section */
		533B7F6A2BDF59AE0079D7CF /* Frameworks */ = {
			isa = PBXFrameworksBuildPhase;
			buildActionMask = 2147483647;
			files = (
				533B7F902BDF8EB70079D7CF /* FirebaseFirestoreSwift in Frameworks */,
				533B7F852BDF5A250079D7CF /* GoogleSignInSwift in Frameworks */,
				533B7F8E2BDF8EB70079D7CF /* FirebaseFirestore in Frameworks */,
				533B7F802BDF59E30079D7CF /* FirebaseAuth in Frameworks */,
				533B7F832BDF5A250079D7CF /* GoogleSignIn in Frameworks */,
			);
			runOnlyForDeploymentPostprocessing = 0;
		};
/* End PBXFrameworksBuildPhase section */

/* Begin PBXGroup section */
		533B7F642BDF59AE0079D7CF = {
			isa = PBXGroup;
			children = (
				533B7F6F2BDF59AE0079D7CF /* FirebaseBasic */,
				533B7F6E2BDF59AE0079D7CF /* Products */,
			);
			sourceTree = "<group>";
		};
		533B7F6E2BDF59AE0079D7CF /* Products */ = {
			isa = PBXGroup;
			children = (
				533B7F6D2BDF59AE0079D7CF /* FirebaseBasic.app */,
			);
			name = Products;
			sourceTree = "<group>";
		};
		533B7F6F2BDF59AE0079D7CF /* FirebaseBasic */ = {
			isa = PBXGroup;
			children = (
				533B7F862BDF5E110079D7CF /* Info.plist */,
				533B7F702BDF59AE0079D7CF /* FirebaseBasicApp.swift */,
				533B7F892BDF752F0079D7CF /* AuthenticationViewModel.swift */,
				533B7F912BDF8EF50079D7CF /* Note.swift */,
				533B7F932BDF90860079D7CF /* NoteService.swift */,
				533B7F722BDF59AE0079D7CF /* ContentView.swift */,
				533B7F8B2BDF81DC0079D7CF /* ProfileView.swift */,
				533B7F742BDF59B00079D7CF /* Assets.xcassets */,
				533B7F872BDF6B2B0079D7CF /* GoogleService-Info.plist */,
				533B7F762BDF59B00079D7CF /* Preview Content */,
			);
			path = FirebaseBasic;
			sourceTree = "<group>";
		};
		533B7F762BDF59B00079D7CF /* Preview Content */ = {
			isa = PBXGroup;
			children = (
				533B7F772BDF59B00079D7CF /* Preview Assets.xcassets */,
			);
			path = "Preview Content";
			sourceTree = "<group>";
		};
/* End PBXGroup section */

/* Begin PBXNativeTarget section */
		533B7F6C2BDF59AE0079D7CF /* FirebaseBasic */ = {
			isa = PBXNativeTarget;
			buildConfigurationList = 533B7F7B2BDF59B00079D7CF /* Build configuration list for PBXNativeTarget "FirebaseBasic" */;
			buildPhases = (
				533B7F692BDF59AE0079D7CF /* Sources */,
				533B7F6A2BDF59AE0079D7CF /* Frameworks */,
				533B7F6B2BDF59AE0079D7CF /* Resources */,
			);
			buildRules = (
			);
			dependencies = (
			);
			name = FirebaseBasic;
			packageProductDependencies = (
				533B7F7F2BDF59E30079D7CF /* FirebaseAuth */,
				533B7F822BDF5A250079D7CF /* GoogleSignIn */,
				533B7F842BDF5A250079D7CF /* GoogleSignInSwift */,
				533B7F8D2BDF8EB70079D7CF /* FirebaseFirestore */,
				533B7F8F2BDF8EB70079D7CF /* FirebaseFirestoreSwift */,
			);
			productName = FirebaseBasic;
			productReference = 533B7F6D2BDF59AE0079D7CF /* FirebaseBasic.app */;
			productType = "com.apple.product-type.application";
		};
/* End PBXNativeTarget section */

/* Begin PBXProject section */
		533B7F652BDF59AE0079D7CF /* Project object */ = {
			isa = PBXProject;
			attributes = {
				BuildIndependentTargetsInParallel = 1;
				LastSwiftUpdateCheck = 1530;
				LastUpgradeCheck = 1530;
				TargetAttributes = {
					533B7F6C2BDF59AE0079D7CF = {
						CreatedOnToolsVersion = 15.3;
					};
				};
			};
			buildConfigurationList = 533B7F682BDF59AE0079D7CF /* Build configuration list for PBXProject "FirebaseBasic" */;
			compatibilityVersion = "Xcode 14.0";
			developmentRegion = en;
			hasScannedForEncodings = 0;
			knownRegions = (
				en,
				Base,
			);
			mainGroup = 533B7F642BDF59AE0079D7CF;
			packageReferences = (
				533B7F7E2BDF59E30079D7CF /* XCRemoteSwiftPackageReference "firebase-ios-sdk" */,
				533B7F812BDF5A250079D7CF /* XCRemoteSwiftPackageReference "GoogleSignIn-iOS" */,
			);
			productRefGroup = 533B7F6E2BDF59AE0079D7CF /* Products */;
			projectDirPath = "";
			projectRoot = "";
			targets = (
				533B7F6C2BDF59AE0079D7CF /* FirebaseBasic */,
			);
		};
/* End PBXProject section */

/* Begin PBXResourcesBuildPhase section */
		533B7F6B2BDF59AE0079D7CF /* Resources */ = {
			isa = PBXResourcesBuildPhase;
			buildActionMask = 2147483647;
			files = (
				533B7F782BDF59B00079D7CF /* Preview Assets.xcassets in Resources */,
				533B7F752BDF59B00079D7CF /* Assets.xcassets in Resources */,
				533B7F882BDF6B2B0079D7CF /* GoogleService-Info.plist in Resources */,
			);
			runOnlyForDeploymentPostprocessing = 0;
		};
/* End PBXResourcesBuildPhase section */

/* Begin PBXSourcesBuildPhase section */
		533B7F692BDF59AE0079D7CF /* Sources */ = {
			isa = PBXSourcesBuildPhase;
			buildActionMask = 2147483647;
			files = (
				533B7F922BDF8EF50079D7CF /* Note.swift in Sources */,
				533B7F8C2BDF81DC0079D7CF /* ProfileView.swift in Sources */,
				533B7F8A2BDF752F0079D7CF /* AuthenticationViewModel.swift in Sources */,
				533B7F732BDF59AE0079D7CF /* ContentView.swift in Sources */,
				533B7F712BDF59AE0079D7CF /* FirebaseBasicApp.swift in Sources */,
				533B7F942BDF90860079D7CF /* NoteService.swift in Sources */,
			);
			runOnlyForDeploymentPostprocessing = 0;
		};
/* End PBXSourcesBuildPhase section */

/* Begin XCBuildConfiguration section */
		533B7F792BDF59B00079D7CF /* Debug */ = {
			isa = XCBuildConfiguration;
			buildSettings = {
				ALWAYS_SEARCH_USER_PATHS = NO;
				ASSETCATALOG_COMPILER_GENERATE_SWIFT_ASSET_SYMBOL_EXTENSIONS = YES;
				CLANG_ANALYZER_NONNULL = YES;
				CLANG_ANALYZER_NUMBER_OBJECT_CONVERSION = YES_AGGRESSIVE;
				CLANG_CXX_LANGUAGE_STANDARD = "gnu++20";
				CLANG_ENABLE_MODULES = YES;
				CLANG_ENABLE_OBJC_ARC = YES;
				CLANG_ENABLE_OBJC_WEAK = YES;
				CLANG_WARN_BLOCK_CAPTURE_AUTORELEASING = YES;
				CLANG_WARN_BOOL_CONVERSION = YES;
				CLANG_WARN_COMMA = YES;
				CLANG_WARN_CONSTANT_CONVERSION = YES;
				CLANG_WARN_DEPRECATED_OBJC_IMPLEMENTATIONS = YES;
				CLANG_WARN_DIRECT_OBJC_ISA_USAGE = YES_ERROR;
				CLANG_WARN_DOCUMENTATION_COMMENTS = YES;
				CLANG_WARN_EMPTY_BODY = YES;
				CLANG_WARN_ENUM_CONVERSION = YES;
				CLANG_WARN_INFINITE_RECURSION = YES;
				CLANG_WARN_INT_CONVERSION = YES;
				CLANG_WARN_NON_LITERAL_NULL_CONVERSION = YES;
				CLANG_WARN_OBJC_IMPLICIT_RETAIN_SELF = YES;
				CLANG_WARN_OBJC_LITERAL_CONVERSION = YES;
				CLANG_WARN_OBJC_ROOT_CLASS = YES_ERROR;
				CLANG_WARN_QUOTED_INCLUDE_IN_FRAMEWORK_HEADER = YES;
				CLANG_WARN_RANGE_LOOP_ANALYSIS = YES;
				CLANG_WARN_STRICT_PROTOTYPES = YES;
				CLANG_WARN_SUSPICIOUS_MOVE = YES;
				CLANG_WARN_UNGUARDED_AVAILABILITY = YES_AGGRESSIVE;
				CLANG_WARN_UNREACHABLE_CODE = YES;
				CLANG_WARN__DUPLICATE_METHOD_MATCH = YES;
				COPY_PHASE_STRIP = NO;
				DEBUG_INFORMATION_FORMAT = dwarf;
				ENABLE_STRICT_OBJC_MSGSEND = YES;
				ENABLE_TESTABILITY = YES;
				ENABLE_USER_SCRIPT_SANDBOXING = YES;
				GCC_C_LANGUAGE_STANDARD = gnu17;
				GCC_DYNAMIC_NO_PIC = NO;
				GCC_NO_COMMON_BLOCKS = YES;
				GCC_OPTIMIZATION_LEVEL = 0;
				GCC_PREPROCESSOR_DEFINITIONS = (
					"DEBUG=1",
					"$(inherited)",
				);
				GCC_WARN_64_TO_32_BIT_CONVERSION = YES;
				GCC_WARN_ABOUT_RETURN_TYPE = YES_ERROR;
				GCC_WARN_UNDECLARED_SELECTOR = YES;
				GCC_WARN_UNINITIALIZED_AUTOS = YES_AGGRESSIVE;
				GCC_WARN_UNUSED_FUNCTION = YES;
				GCC_WARN_UNUSED_VARIABLE = YES;
				IPHONEOS_DEPLOYMENT_TARGET = 17.4;
				LOCALIZATION_PREFERS_STRING_CATALOGS = YES;
				MTL_ENABLE_DEBUG_INFO = INCLUDE_SOURCE;
				MTL_FAST_MATH = YES;
				ONLY_ACTIVE_ARCH = YES;
				SDKROOT = iphoneos;
				SWIFT_ACTIVE_COMPILATION_CONDITIONS = "DEBUG $(inherited)";
				SWIFT_OPTIMIZATION_LEVEL = "-Onone";
			};
			name = Debug;
		};
		533B7F7A2BDF59B00079D7CF /* Release */ = {
			isa = XCBuildConfiguration;
			buildSettings = {
				ALWAYS_SEARCH_USER_PATHS = NO;
				ASSETCATALOG_COMPILER_GENERATE_SWIFT_ASSET_SYMBOL_EXTENSIONS = YES;
				CLANG_ANALYZER_NONNULL = YES;
				CLANG_ANALYZER_NUMBER_OBJECT_CONVERSION = YES_AGGRESSIVE;
				CLANG_CXX_LANGUAGE_STANDARD = "gnu++20";
				CLANG_ENABLE_MODULES = YES;
				CLANG_ENABLE_OBJC_ARC = YES;
				CLANG_ENABLE_OBJC_WEAK = YES;
				CLANG_WARN_BLOCK_CAPTURE_AUTORELEASING = YES;
				CLANG_WARN_BOOL_CONVERSION = YES;
				CLANG_WARN_COMMA = YES;
				CLANG_WARN_CONSTANT_CONVERSION = YES;
				CLANG_WARN_DEPRECATED_OBJC_IMPLEMENTATIONS = YES;
				CLANG_WARN_DIRECT_OBJC_ISA_USAGE = YES_ERROR;
				CLANG_WARN_DOCUMENTATION_COMMENTS = YES;
				CLANG_WARN_EMPTY_BODY = YES;
				CLANG_WARN_ENUM_CONVERSION = YES;
				CLANG_WARN_INFINITE_RECURSION = YES;
				CLANG_WARN_INT_CONVERSION = YES;
				CLANG_WARN_NON_LITERAL_NULL_CONVERSION = YES;
				CLANG_WARN_OBJC_IMPLICIT_RETAIN_SELF = YES;
				CLANG_WARN_OBJC_LITERAL_CONVERSION = YES;
				CLANG_WARN_OBJC_ROOT_CLASS = YES_ERROR;
				CLANG_WARN_QUOTED_INCLUDE_IN_FRAMEWORK_HEADER = YES;
				CLANG_WARN_RANGE_LOOP_ANALYSIS = YES;
				CLANG_WARN_STRICT_PROTOTYPES = YES;
				CLANG_WARN_SUSPICIOUS_MOVE = YES;
				CLANG_WARN_UNGUARDED_AVAILABILITY = YES_AGGRESSIVE;
				CLANG_WARN_UNREACHABLE_CODE = YES;
				CLANG_WARN__DUPLICATE_METHOD_MATCH = YES;
				COPY_PHASE_STRIP = NO;
				DEBUG_INFORMATION_FORMAT = "dwarf-with-dsym";
				ENABLE_NS_ASSERTIONS = NO;
				ENABLE_STRICT_OBJC_MSGSEND = YES;
				ENABLE_USER_SCRIPT_SANDBOXING = YES;
				GCC_C_LANGUAGE_STANDARD = gnu17;
				GCC_NO_COMMON_BLOCKS = YES;
				GCC_WARN_64_TO_32_BIT_CONVERSION = YES;
				GCC_WARN_ABOUT_RETURN_TYPE = YES_ERROR;
				GCC_WARN_UNDECLARED_SELECTOR = YES;
				GCC_WARN_UNINITIALIZED_AUTOS = YES_AGGRESSIVE;
				GCC_WARN_UNUSED_FUNCTION = YES;
				GCC_WARN_UNUSED_VARIABLE = YES;
				IPHONEOS_DEPLOYMENT_TARGET = 17.4;
				LOCALIZATION_PREFERS_STRING_CATALOGS = YES;
				MTL_ENABLE_DEBUG_INFO = NO;
				MTL_FAST_MATH = YES;
				SDKROOT = iphoneos;
				SWIFT_COMPILATION_MODE = wholemodule;
				VALIDATE_PRODUCT = YES;
			};
			name = Release;
		};
		533B7F7C2BDF59B00079D7CF /* Debug */ = {
			isa = XCBuildConfiguration;
			buildSettings = {
				ASSETCATALOG_COMPILER_APPICON_NAME = AppIcon;
				ASSETCATALOG_COMPILER_GLOBAL_ACCENT_COLOR_NAME = AccentColor;
				CODE_SIGN_STYLE = Automatic;
				CURRENT_PROJECT_VERSION = 1;
				DEVELOPMENT_ASSET_PATHS = "\"FirebaseBasic/Preview Content\"";
				ENABLE_PREVIEWS = YES;
				GENERATE_INFOPLIST_FILE = YES;
				INFOPLIST_FILE = FirebaseBasic/Info.plist;
				INFOPLIST_KEY_UIApplicationSceneManifest_Generation = YES;
				INFOPLIST_KEY_UIApplicationSupportsIndirectInputEvents = YES;
				INFOPLIST_KEY_UILaunchScreen_Generation = YES;
				INFOPLIST_KEY_UISupportedInterfaceOrientations_iPad = "UIInterfaceOrientationPortrait UIInterfaceOrientationPortraitUpsideDown UIInterfaceOrientationLandscapeLeft UIInterfaceOrientationLandscapeRight";
				INFOPLIST_KEY_UISupportedInterfaceOrientations_iPhone = "UIInterfaceOrientationPortrait UIInterfaceOrientationLandscapeLeft UIInterfaceOrientationLandscapeRight";
				LD_RUNPATH_SEARCH_PATHS = (
					"$(inherited)",
					"@executable_path/Frameworks",
				);
				MARKETING_VERSION = 1.0;
				PRODUCT_BUNDLE_IDENTIFIER = kr.co.uunwon.FirebaseBasic;
				PRODUCT_NAME = "$(TARGET_NAME)";
				SWIFT_EMIT_LOC_STRINGS = YES;
				SWIFT_VERSION = 5.0;
				TARGETED_DEVICE_FAMILY = "1,2";
			};
			name = Debug;
		};
		533B7F7D2BDF59B00079D7CF /* Release */ = {
			isa = XCBuildConfiguration;
			buildSettings = {
				ASSETCATALOG_COMPILER_APPICON_NAME = AppIcon;
				ASSETCATALOG_COMPILER_GLOBAL_ACCENT_COLOR_NAME = AccentColor;
				CODE_SIGN_STYLE = Automatic;
				CURRENT_PROJECT_VERSION = 1;
				DEVELOPMENT_ASSET_PATHS = "\"FirebaseBasic/Preview Content\"";
				ENABLE_PREVIEWS = YES;
				GENERATE_INFOPLIST_FILE = YES;
				INFOPLIST_FILE = FirebaseBasic/Info.plist;
				INFOPLIST_KEY_UIApplicationSceneManifest_Generation = YES;
				INFOPLIST_KEY_UIApplicationSupportsIndirectInputEvents = YES;
				INFOPLIST_KEY_UILaunchScreen_Generation = YES;
				INFOPLIST_KEY_UISupportedInterfaceOrientations_iPad = "UIInterfaceOrientationPortrait UIInterfaceOrientationPortraitUpsideDown UIInterfaceOrientationLandscapeLeft UIInterfaceOrientationLandscapeRight";
				INFOPLIST_KEY_UISupportedInterfaceOrientations_iPhone = "UIInterfaceOrientationPortrait UIInterfaceOrientationLandscapeLeft UIInterfaceOrientationLandscapeRight";
				LD_RUNPATH_SEARCH_PATHS = (
					"$(inherited)",
					"@executable_path/Frameworks",
				);
				MARKETING_VERSION = 1.0;
				PRODUCT_BUNDLE_IDENTIFIER = kr.co.uunwon.FirebaseBasic;
				PRODUCT_NAME = "$(TARGET_NAME)";
				SWIFT_EMIT_LOC_STRINGS = YES;
				SWIFT_VERSION = 5.0;
				TARGETED_DEVICE_FAMILY = "1,2";
			};
			name = Release;
		};
/* End XCBuildConfiguration section */

/* Begin XCConfigurationList section */
		533B7F682BDF59AE0079D7CF /* Build configuration list for PBXProject "FirebaseBasic" */ = {
			isa = XCConfigurationList;
			buildConfigurations = (
				533B7F792BDF59B00079D7CF /* Debug */,
				533B7F7A2BDF59B00079D7CF /* Release */,
			);
			defaultConfigurationIsVisible = 0;
			defaultConfigurationName = Release;
		};
		533B7F7B2BDF59B00079D7CF /* Build configuration list for PBXNativeTarget "FirebaseBasic" */ = {
			isa = XCConfigurationList;
			buildConfigurations = (
				533B7F7C2BDF59B00079D7CF /* Debug */,
				533B7F7D2BDF59B00079D7CF /* Release */,
			);
			defaultConfigurationIsVisible = 0;
			defaultConfigurationName = Release;
		};
/* End XCConfigurationList section */

/* Begin XCRemoteSwiftPackageReference section */
		533B7F7E2BDF59E30079D7CF /* XCRemoteSwiftPackageReference "firebase-ios-sdk" */ = {
			isa = XCRemoteSwiftPackageReference;
			repositoryURL = "https://github.com/firebase/firebase-ios-sdk.git";
			requirement = {
				kind = upToNextMajorVersion;
				minimumVersion = 10.24.0;
			};
		};
		533B7F812BDF5A250079D7CF /* XCRemoteSwiftPackageReference "GoogleSignIn-iOS" */ = {
			isa = XCRemoteSwiftPackageReference;
			repositoryURL = "https://github.com/google/GoogleSignIn-iOS";
			requirement = {
				kind = upToNextMajorVersion;
				minimumVersion = 7.1.0;
			};
		};
/* End XCRemoteSwiftPackageReference section */

/* Begin XCSwiftPackageProductDependency section */
		533B7F7F2BDF59E30079D7CF /* FirebaseAuth */ = {
			isa = XCSwiftPackageProductDependency;
			package = 533B7F7E2BDF59E30079D7CF /* XCRemoteSwiftPackageReference "firebase-ios-sdk" */;
			productName = FirebaseAuth;
		};
		533B7F822BDF5A250079D7CF /* GoogleSignIn */ = {
			isa = XCSwiftPackageProductDependency;
			package = 533B7F812BDF5A250079D7CF /* XCRemoteSwiftPackageReference "GoogleSignIn-iOS" */;
			productName = GoogleSignIn;
		};
		533B7F842BDF5A250079D7CF /* GoogleSignInSwift */ = {
			isa = XCSwiftPackageProductDependency;
			package = 533B7F812BDF5A250079D7CF /* XCRemoteSwiftPackageReference "GoogleSignIn-iOS" */;
			productName = GoogleSignInSwift;
		};
		533B7F8D2BDF8EB70079D7CF /* FirebaseFirestore */ = {
			isa = XCSwiftPackageProductDependency;
			package = 533B7F7E2BDF59E30079D7CF /* XCRemoteSwiftPackageReference "firebase-ios-sdk" */;
			productName = FirebaseFirestore;
		};
		533B7F8F2BDF8EB70079D7CF /* FirebaseFirestoreSwift */ = {
			isa = XCSwiftPackageProductDependency;
			package = 533B7F7E2BDF59E30079D7CF /* XCRemoteSwiftPackageReference "firebase-ios-sdk" */;
			productName = FirebaseFirestoreSwift;
		};
/* End XCSwiftPackageProductDependency section */
	};
	rootObject = 533B7F652BDF59AE0079D7CF /* Project object */;
}
