// !$*UTF8*$!
{
	archiveVersion = 1;
	classes = {
	};
	objectVersion = 56;
	objects = {

/* Begin PBXBuildFile section */
		533D91302BBF7630004C5E2E /* AppDelegate.swift in Sources */ = {isa = PBXBuildFile; fileRef = 533D912F2BBF7630004C5E2E /* AppDelegate.swift */; };
		533D91322BBF7630004C5E2E /* SceneDelegate.swift in Sources */ = {isa = PBXBuildFile; fileRef = 533D91312BBF7630004C5E2E /* SceneDelegate.swift */; };
		533D91342BBF7630004C5E2E /* ViewController.swift in Sources */ = {isa = PBXBuildFile; fileRef = 533D91332BBF7630004C5E2E /* ViewController.swift */; };
		533D91372BBF7630004C5E2E /* Base in Resources */ = {isa = PBXBuildFile; fileRef = 533D91362BBF7630004C5E2E /* Base */; };
		533D91392BBF7631004C5E2E /* Assets.xcassets in Resources */ = {isa = PBXBuildFile; fileRef = 533D91382BBF7631004C5E2E /* Assets.xcassets */; };
		533D913C2BBF7631004C5E2E /* Base in Resources */ = {isa = PBXBuildFile; fileRef = 533D913B2BBF7631004C5E2E /* Base */; };
		533D91472BBF7631004C5E2E /* CocoaTouchTests.swift in Sources */ = {isa = PBXBuildFile; fileRef = 533D91462BBF7631004C5E2E /* CocoaTouchTests.swift */; };
		533D91512BBF7631004C5E2E /* CocoaTouchUITests.swift in Sources */ = {isa = PBXBuildFile; fileRef = 533D91502BBF7631004C5E2E /* CocoaTouchUITests.swift */; };
		533D91532BBF7631004C5E2E /* CocoaTouchUITestsLaunchTests.swift in Sources */ = {isa = PBXBuildFile; fileRef = 533D91522BBF7631004C5E2E /* CocoaTouchUITestsLaunchTests.swift */; };
		533D91602BBF7956004C5E2E /* ReposTableViewController.swift in Sources */ = {isa = PBXBuildFile; fileRef = 533D915F2BBF7956004C5E2E /* ReposTableViewController.swift */; };
/* End PBXBuildFile section */

/* Begin PBXContainerItemProxy section */
		533D91432BBF7631004C5E2E /* PBXContainerItemProxy */ = {
			isa = PBXContainerItemProxy;
			containerPortal = 533D91242BBF7630004C5E2E /* Project object */;
			proxyType = 1;
			remoteGlobalIDString = 533D912B2BBF7630004C5E2E;
			remoteInfo = CocoaTouch;
		};
		533D914D2BBF7631004C5E2E /* PBXContainerItemProxy */ = {
			isa = PBXContainerItemProxy;
			containerPortal = 533D91242BBF7630004C5E2E /* Project object */;
			proxyType = 1;
			remoteGlobalIDString = 533D912B2BBF7630004C5E2E;
			remoteInfo = CocoaTouch;
		};
/* End PBXContainerItemProxy section */

/* Begin PBXFileReference section */
		533D912C2BBF7630004C5E2E /* CocoaTouch.app */ = {isa = PBXFileReference; explicitFileType = wrapper.application; includeInIndex = 0; path = CocoaTouch.app; sourceTree = BUILT_PRODUCTS_DIR; };
		533D912F2BBF7630004C5E2E /* AppDelegate.swift */ = {isa = PBXFileReference; lastKnownFileType = sourcecode.swift; path = AppDelegate.swift; sourceTree = "<group>"; };
		533D91312BBF7630004C5E2E /* SceneDelegate.swift */ = {isa = PBXFileReference; lastKnownFileType = sourcecode.swift; path = SceneDelegate.swift; sourceTree = "<group>"; };
		533D91332BBF7630004C5E2E /* ViewController.swift */ = {isa = PBXFileReference; lastKnownFileType = sourcecode.swift; path = ViewController.swift; sourceTree = "<group>"; };
		533D91362BBF7630004C5E2E /* Base */ = {isa = PBXFileReference; lastKnownFileType = file.storyboard; name = Base; path = Base.lproj/Main.storyboard; sourceTree = "<group>"; };
		533D91382BBF7631004C5E2E /* Assets.xcassets */ = {isa = PBXFileReference; lastKnownFileType = folder.assetcatalog; path = Assets.xcassets; sourceTree = "<group>"; };
		533D913B2BBF7631004C5E2E /* Base */ = {isa = PBXFileReference; lastKnownFileType = file.storyboard; name = Base; path = Base.lproj/LaunchScreen.storyboard; sourceTree = "<group>"; };
		533D913D2BBF7631004C5E2E /* Info.plist */ = {isa = PBXFileReference; lastKnownFileType = text.plist.xml; path = Info.plist; sourceTree = "<group>"; };
		533D91422BBF7631004C5E2E /* CocoaTouchTests.xctest */ = {isa = PBXFileReference; explicitFileType = wrapper.cfbundle; includeInIndex = 0; path = CocoaTouchTests.xctest; sourceTree = BUILT_PRODUCTS_DIR; };
		533D91462BBF7631004C5E2E /* CocoaTouchTests.swift */ = {isa = PBXFileReference; lastKnownFileType = sourcecode.swift; path = CocoaTouchTests.swift; sourceTree = "<group>"; };
		533D914C2BBF7631004C5E2E /* CocoaTouchUITests.xctest */ = {isa = PBXFileReference; explicitFileType = wrapper.cfbundle; includeInIndex = 0; path = CocoaTouchUITests.xctest; sourceTree = BUILT_PRODUCTS_DIR; };
		533D91502BBF7631004C5E2E /* CocoaTouchUITests.swift */ = {isa = PBXFileReference; lastKnownFileType = sourcecode.swift; path = CocoaTouchUITests.swift; sourceTree = "<group>"; };
		533D91522BBF7631004C5E2E /* CocoaTouchUITestsLaunchTests.swift */ = {isa = PBXFileReference; lastKnownFileType = sourcecode.swift; path = CocoaTouchUITestsLaunchTests.swift; sourceTree = "<group>"; };
		533D915F2BBF7956004C5E2E /* ReposTableViewController.swift */ = {isa = PBXFileReference; lastKnownFileType = sourcecode.swift; path = ReposTableViewController.swift; sourceTree = "<group>"; };
/* End PBXFileReference section */

/* Begin PBXFrameworksBuildPhase section */
		533D91292BBF7630004C5E2E /* Frameworks */ = {
			isa = PBXFrameworksBuildPhase;
			buildActionMask = 2147483647;
			files = (
			);
			runOnlyForDeploymentPostprocessing = 0;
		};
		533D913F2BBF7631004C5E2E /* Frameworks */ = {
			isa = PBXFrameworksBuildPhase;
			buildActionMask = 2147483647;
			files = (
			);
			runOnlyForDeploymentPostprocessing = 0;
		};
		533D91492BBF7631004C5E2E /* Frameworks */ = {
			isa = PBXFrameworksBuildPhase;
			buildActionMask = 2147483647;
			files = (
			);
			runOnlyForDeploymentPostprocessing = 0;
		};
/* End PBXFrameworksBuildPhase section */

/* Begin PBXGroup section */
		533D91232BBF7630004C5E2E = {
			isa = PBXGroup;
			children = (
				533D912E2BBF7630004C5E2E /* CocoaTouch */,
				533D91452BBF7631004C5E2E /* CocoaTouchTests */,
				533D914F2BBF7631004C5E2E /* CocoaTouchUITests */,
				533D912D2BBF7630004C5E2E /* Products */,
			);
			sourceTree = "<group>";
		};
		533D912D2BBF7630004C5E2E /* Products */ = {
			isa = PBXGroup;
			children = (
				533D912C2BBF7630004C5E2E /* CocoaTouch.app */,
				533D91422BBF7631004C5E2E /* CocoaTouchTests.xctest */,
				533D914C2BBF7631004C5E2E /* CocoaTouchUITests.xctest */,
			);
			name = Products;
			sourceTree = "<group>";
		};
		533D912E2BBF7630004C5E2E /* CocoaTouch */ = {
			isa = PBXGroup;
			children = (
				533D912F2BBF7630004C5E2E /* AppDelegate.swift */,
				533D91312BBF7630004C5E2E /* SceneDelegate.swift */,
				533D91332BBF7630004C5E2E /* ViewController.swift */,
				533D91352BBF7630004C5E2E /* Main.storyboard */,
				533D91382BBF7631004C5E2E /* Assets.xcassets */,
				533D913A2BBF7631004C5E2E /* LaunchScreen.storyboard */,
				533D913D2BBF7631004C5E2E /* Info.plist */,
				533D915F2BBF7956004C5E2E /* ReposTableViewController.swift */,
			);
			path = CocoaTouch;
			sourceTree = "<group>";
		};
		533D91452BBF7631004C5E2E /* CocoaTouchTests */ = {
			isa = PBXGroup;
			children = (
				533D91462BBF7631004C5E2E /* CocoaTouchTests.swift */,
			);
			path = CocoaTouchTests;
			sourceTree = "<group>";
		};
		533D914F2BBF7631004C5E2E /* CocoaTouchUITests */ = {
			isa = PBXGroup;
			children = (
				533D91502BBF7631004C5E2E /* CocoaTouchUITests.swift */,
				533D91522BBF7631004C5E2E /* CocoaTouchUITestsLaunchTests.swift */,
			);
			path = CocoaTouchUITests;
			sourceTree = "<group>";
		};
/* End PBXGroup section */

/* Begin PBXNativeTarget section */
		533D912B2BBF7630004C5E2E /* CocoaTouch */ = {
			isa = PBXNativeTarget;
			buildConfigurationList = 533D91562BBF7631004C5E2E /* Build configuration list for PBXNativeTarget "CocoaTouch" */;
			buildPhases = (
				533D91282BBF7630004C5E2E /* Sources */,
				533D91292BBF7630004C5E2E /* Frameworks */,
				533D912A2BBF7630004C5E2E /* Resources */,
			);
			buildRules = (
			);
			dependencies = (
			);
			name = CocoaTouch;
			productName = CocoaTouch;
			productReference = 533D912C2BBF7630004C5E2E /* CocoaTouch.app */;
			productType = "com.apple.product-type.application";
		};
		533D91412BBF7631004C5E2E /* CocoaTouchTests */ = {
			isa = PBXNativeTarget;
			buildConfigurationList = 533D91592BBF7631004C5E2E /* Build configuration list for PBXNativeTarget "CocoaTouchTests" */;
			buildPhases = (
				533D913E2BBF7631004C5E2E /* Sources */,
				533D913F2BBF7631004C5E2E /* Frameworks */,
				533D91402BBF7631004C5E2E /* Resources */,
			);
			buildRules = (
			);
			dependencies = (
				533D91442BBF7631004C5E2E /* PBXTargetDependency */,
			);
			name = CocoaTouchTests;
			productName = CocoaTouchTests;
			productReference = 533D91422BBF7631004C5E2E /* CocoaTouchTests.xctest */;
			productType = "com.apple.product-type.bundle.unit-test";
		};
		533D914B2BBF7631004C5E2E /* CocoaTouchUITests */ = {
			isa = PBXNativeTarget;
			buildConfigurationList = 533D915C2BBF7631004C5E2E /* Build configuration list for PBXNativeTarget "CocoaTouchUITests" */;
			buildPhases = (
				533D91482BBF7631004C5E2E /* Sources */,
				533D91492BBF7631004C5E2E /* Frameworks */,
				533D914A2BBF7631004C5E2E /* Resources */,
			);
			buildRules = (
			);
			dependencies = (
				533D914E2BBF7631004C5E2E /* PBXTargetDependency */,
			);
			name = CocoaTouchUITests;
			productName = CocoaTouchUITests;
			productReference = 533D914C2BBF7631004C5E2E /* CocoaTouchUITests.xctest */;
			productType = "com.apple.product-type.bundle.ui-testing";
		};
/* End PBXNativeTarget section */

/* Begin PBXProject section */
		533D91242BBF7630004C5E2E /* Project object */ = {
			isa = PBXProject;
			attributes = {
				BuildIndependentTargetsInParallel = 1;
				LastSwiftUpdateCheck = 1530;
				LastUpgradeCheck = 1530;
				TargetAttributes = {
					533D912B2BBF7630004C5E2E = {
						CreatedOnToolsVersion = 15.3;
					};
					533D91412BBF7631004C5E2E = {
						CreatedOnToolsVersion = 15.3;
						TestTargetID = 533D912B2BBF7630004C5E2E;
					};
					533D914B2BBF7631004C5E2E = {
						CreatedOnToolsVersion = 15.3;
						TestTargetID = 533D912B2BBF7630004C5E2E;
					};
				};
			};
			buildConfigurationList = 533D91272BBF7630004C5E2E /* Build configuration list for PBXProject "CocoaTouch" */;
			compatibilityVersion = "Xcode 14.0";
			developmentRegion = en;
			hasScannedForEncodings = 0;
			knownRegions = (
				en,
				Base,
			);
			mainGroup = 533D91232BBF7630004C5E2E;
			productRefGroup = 533D912D2BBF7630004C5E2E /* Products */;
			projectDirPath = "";
			projectRoot = "";
			targets = (
				533D912B2BBF7630004C5E2E /* CocoaTouch */,
				533D91412BBF7631004C5E2E /* CocoaTouchTests */,
				533D914B2BBF7631004C5E2E /* CocoaTouchUITests */,
			);
		};
/* End PBXProject section */

/* Begin PBXResourcesBuildPhase section */
		533D912A2BBF7630004C5E2E /* Resources */ = {
			isa = PBXResourcesBuildPhase;
			buildActionMask = 2147483647;
			files = (
				533D91392BBF7631004C5E2E /* Assets.xcassets in Resources */,
				533D913C2BBF7631004C5E2E /* Base in Resources */,
				533D91372BBF7630004C5E2E /* Base in Resources */,
			);
			runOnlyForDeploymentPostprocessing = 0;
		};
		533D91402BBF7631004C5E2E /* Resources */ = {
			isa = PBXResourcesBuildPhase;
			buildActionMask = 2147483647;
			files = (
			);
			runOnlyForDeploymentPostprocessing = 0;
		};
		533D914A2BBF7631004C5E2E /* Resources */ = {
			isa = PBXResourcesBuildPhase;
			buildActionMask = 2147483647;
			files = (
			);
			runOnlyForDeploymentPostprocessing = 0;
		};
/* End PBXResourcesBuildPhase section */

/* Begin PBXSourcesBuildPhase section */
		533D91282BBF7630004C5E2E /* Sources */ = {
			isa = PBXSourcesBuildPhase;
			buildActionMask = 2147483647;
			files = (
				533D91342BBF7630004C5E2E /* ViewController.swift in Sources */,
				533D91602BBF7956004C5E2E /* ReposTableViewController.swift in Sources */,
				533D91302BBF7630004C5E2E /* AppDelegate.swift in Sources */,
				533D91322BBF7630004C5E2E /* SceneDelegate.swift in Sources */,
			);
			runOnlyForDeploymentPostprocessing = 0;
		};
		533D913E2BBF7631004C5E2E /* Sources */ = {
			isa = PBXSourcesBuildPhase;
			buildActionMask = 2147483647;
			files = (
				533D91472BBF7631004C5E2E /* CocoaTouchTests.swift in Sources */,
			);
			runOnlyForDeploymentPostprocessing = 0;
		};
		533D91482BBF7631004C5E2E /* Sources */ = {
			isa = PBXSourcesBuildPhase;
			buildActionMask = 2147483647;
			files = (
				533D91532BBF7631004C5E2E /* CocoaTouchUITestsLaunchTests.swift in Sources */,
				533D91512BBF7631004C5E2E /* CocoaTouchUITests.swift in Sources */,
			);
			runOnlyForDeploymentPostprocessing = 0;
		};
/* End PBXSourcesBuildPhase section */

/* Begin PBXTargetDependency section */
		533D91442BBF7631004C5E2E /* PBXTargetDependency */ = {
			isa = PBXTargetDependency;
			target = 533D912B2BBF7630004C5E2E /* CocoaTouch */;
			targetProxy = 533D91432BBF7631004C5E2E /* PBXContainerItemProxy */;
		};
		533D914E2BBF7631004C5E2E /* PBXTargetDependency */ = {
			isa = PBXTargetDependency;
			target = 533D912B2BBF7630004C5E2E /* CocoaTouch */;
			targetProxy = 533D914D2BBF7631004C5E2E /* PBXContainerItemProxy */;
		};
/* End PBXTargetDependency section */

/* Begin PBXVariantGroup section */
		533D91352BBF7630004C5E2E /* Main.storyboard */ = {
			isa = PBXVariantGroup;
			children = (
				533D91362BBF7630004C5E2E /* Base */,
			);
			name = Main.storyboard;
			sourceTree = "<group>";
		};
		533D913A2BBF7631004C5E2E /* LaunchScreen.storyboard */ = {
			isa = PBXVariantGroup;
			children = (
				533D913B2BBF7631004C5E2E /* Base */,
			);
			name = LaunchScreen.storyboard;
			sourceTree = "<group>";
		};
/* End PBXVariantGroup section */

/* Begin XCBuildConfiguration section */
		533D91542BBF7631004C5E2E /* Debug */ = {
			isa = XCBuildConfiguration;
			buildSettings = {
				ALWAYS_SEARCH_USER_PATHS = NO;
				ASSETCATALOG_COMPILER_GENERATE_SWIFT_ASSET_SYMBOL_EXTENSIONS = YES;
				CLANG_ANALYZER_NONNULL = YES;
				CLANG_ANALYZER_NUMBER_OBJECT_CONVERSION = YES_AGGRESSIVE;
				CLANG_CXX_LANGUAGE_STANDARD = "gnu++20";
				CLANG_ENABLE_MODULES = YES;
				CLANG_ENABLE_OBJC_ARC = YES;
				CLANG_ENABLE_OBJC_WEAK = YES;
				CLANG_WARN_BLOCK_CAPTURE_AUTORELEASING = YES;
				CLANG_WARN_BOOL_CONVERSION = YES;
				CLANG_WARN_COMMA = YES;
				CLANG_WARN_CONSTANT_CONVERSION = YES;
				CLANG_WARN_DEPRECATED_OBJC_IMPLEMENTATIONS = YES;
				CLANG_WARN_DIRECT_OBJC_ISA_USAGE = YES_ERROR;
				CLANG_WARN_DOCUMENTATION_COMMENTS = YES;
				CLANG_WARN_EMPTY_BODY = YES;
				CLANG_WARN_ENUM_CONVERSION = YES;
				CLANG_WARN_INFINITE_RECURSION = YES;
				CLANG_WARN_INT_CONVERSION = YES;
				CLANG_WARN_NON_LITERAL_NULL_CONVERSION = YES;
				CLANG_WARN_OBJC_IMPLICIT_RETAIN_SELF = YES;
				CLANG_WARN_OBJC_LITERAL_CONVERSION = YES;
				CLANG_WARN_OBJC_ROOT_CLASS = YES_ERROR;
				CLANG_WARN_QUOTED_INCLUDE_IN_FRAMEWORK_HEADER = YES;
				CLANG_WARN_RANGE_LOOP_ANALYSIS = YES;
				CLANG_WARN_STRICT_PROTOTYPES = YES;
				CLANG_WARN_SUSPICIOUS_MOVE = YES;
				CLANG_WARN_UNGUARDED_AVAILABILITY = YES_AGGRESSIVE;
				CLANG_WARN_UNREACHABLE_CODE = YES;
				CLANG_WARN__DUPLICATE_METHOD_MATCH = YES;
				COPY_PHASE_STRIP = NO;
				DEBUG_INFORMATION_FORMAT = dwarf;
				ENABLE_STRICT_OBJC_MSGSEND = YES;
				ENABLE_TESTABILITY = YES;
				ENABLE_USER_SCRIPT_SANDBOXING = YES;
				GCC_C_LANGUAGE_STANDARD = gnu17;
				GCC_DYNAMIC_NO_PIC = NO;
				GCC_NO_COMMON_BLOCKS = YES;
				GCC_OPTIMIZATION_LEVEL = 0;
				GCC_PREPROCESSOR_DEFINITIONS = (
					"DEBUG=1",
					"$(inherited)",
				);
				GCC_WARN_64_TO_32_BIT_CONVERSION = YES;
				GCC_WARN_ABOUT_RETURN_TYPE = YES_ERROR;
				GCC_WARN_UNDECLARED_SELECTOR = YES;
				GCC_WARN_UNINITIALIZED_AUTOS = YES_AGGRESSIVE;
				GCC_WARN_UNUSED_FUNCTION = YES;
				GCC_WARN_UNUSED_VARIABLE = YES;
				IPHONEOS_DEPLOYMENT_TARGET = 17.4;
				LOCALIZATION_PREFERS_STRING_CATALOGS = YES;
				MTL_ENABLE_DEBUG_INFO = INCLUDE_SOURCE;
				MTL_FAST_MATH = YES;
				ONLY_ACTIVE_ARCH = YES;
				SDKROOT = iphoneos;
				SWIFT_ACTIVE_COMPILATION_CONDITIONS = "DEBUG $(inherited)";
				SWIFT_OPTIMIZATION_LEVEL = "-Onone";
			};
			name = Debug;
		};
		533D91552BBF7631004C5E2E /* Release */ = {
			isa = XCBuildConfiguration;
			buildSettings = {
				ALWAYS_SEARCH_USER_PATHS = NO;
				ASSETCATALOG_COMPILER_GENERATE_SWIFT_ASSET_SYMBOL_EXTENSIONS = YES;
				CLANG_ANALYZER_NONNULL = YES;
				CLANG_ANALYZER_NUMBER_OBJECT_CONVERSION = YES_AGGRESSIVE;
				CLANG_CXX_LANGUAGE_STANDARD = "gnu++20";
				CLANG_ENABLE_MODULES = YES;
				CLANG_ENABLE_OBJC_ARC = YES;
				CLANG_ENABLE_OBJC_WEAK = YES;
				CLANG_WARN_BLOCK_CAPTURE_AUTORELEASING = YES;
				CLANG_WARN_BOOL_CONVERSION = YES;
				CLANG_WARN_COMMA = YES;
				CLANG_WARN_CONSTANT_CONVERSION = YES;
				CLANG_WARN_DEPRECATED_OBJC_IMPLEMENTATIONS = YES;
				CLANG_WARN_DIRECT_OBJC_ISA_USAGE = YES_ERROR;
				CLANG_WARN_DOCUMENTATION_COMMENTS = YES;
				CLANG_WARN_EMPTY_BODY = YES;
				CLANG_WARN_ENUM_CONVERSION = YES;
				CLANG_WARN_INFINITE_RECURSION = YES;
				CLANG_WARN_INT_CONVERSION = YES;
				CLANG_WARN_NON_LITERAL_NULL_CONVERSION = YES;
				CLANG_WARN_OBJC_IMPLICIT_RETAIN_SELF = YES;
				CLANG_WARN_OBJC_LITERAL_CONVERSION = YES;
				CLANG_WARN_OBJC_ROOT_CLASS = YES_ERROR;
				CLANG_WARN_QUOTED_INCLUDE_IN_FRAMEWORK_HEADER = YES;
				CLANG_WARN_RANGE_LOOP_ANALYSIS = YES;
				CLANG_WARN_STRICT_PROTOTYPES = YES;
				CLANG_WARN_SUSPICIOUS_MOVE = YES;
				CLANG_WARN_UNGUARDED_AVAILABILITY = YES_AGGRESSIVE;
				CLANG_WARN_UNREACHABLE_CODE = YES;
				CLANG_WARN__DUPLICATE_METHOD_MATCH = YES;
				COPY_PHASE_STRIP = NO;
				DEBUG_INFORMATION_FORMAT = "dwarf-with-dsym";
				ENABLE_NS_ASSERTIONS = NO;
				ENABLE_STRICT_OBJC_MSGSEND = YES;
				ENABLE_USER_SCRIPT_SANDBOXING = YES;
				GCC_C_LANGUAGE_STANDARD = gnu17;
				GCC_NO_COMMON_BLOCKS = YES;
				GCC_WARN_64_TO_32_BIT_CONVERSION = YES;
				GCC_WARN_ABOUT_RETURN_TYPE = YES_ERROR;
				GCC_WARN_UNDECLARED_SELECTOR = YES;
				GCC_WARN_UNINITIALIZED_AUTOS = YES_AGGRESSIVE;
				GCC_WARN_UNUSED_FUNCTION = YES;
				GCC_WARN_UNUSED_VARIABLE = YES;
				IPHONEOS_DEPLOYMENT_TARGET = 17.4;
				LOCALIZATION_PREFERS_STRING_CATALOGS = YES;
				MTL_ENABLE_DEBUG_INFO = NO;
				MTL_FAST_MATH = YES;
				SDKROOT = iphoneos;
				SWIFT_COMPILATION_MODE = wholemodule;
				VALIDATE_PRODUCT = YES;
			};
			name = Release;
		};
		533D91572BBF7631004C5E2E /* Debug */ = {
			isa = XCBuildConfiguration;
			buildSettings = {
				ASSETCATALOG_COMPILER_APPICON_NAME = AppIcon;
				ASSETCATALOG_COMPILER_GLOBAL_ACCENT_COLOR_NAME = AccentColor;
				CODE_SIGN_STYLE = Automatic;
				CURRENT_PROJECT_VERSION = 1;
				GENERATE_INFOPLIST_FILE = YES;
				INFOPLIST_FILE = CocoaTouch/Info.plist;
				INFOPLIST_KEY_UIApplicationSupportsIndirectInputEvents = YES;
				INFOPLIST_KEY_UILaunchStoryboardName = LaunchScreen;
				INFOPLIST_KEY_UIMainStoryboardFile = Main;
				INFOPLIST_KEY_UISupportedInterfaceOrientations_iPad = "UIInterfaceOrientationPortrait UIInterfaceOrientationPortraitUpsideDown UIInterfaceOrientationLandscapeLeft UIInterfaceOrientationLandscapeRight";
				INFOPLIST_KEY_UISupportedInterfaceOrientations_iPhone = "UIInterfaceOrientationPortrait UIInterfaceOrientationLandscapeLeft UIInterfaceOrientationLandscapeRight";
				LD_RUNPATH_SEARCH_PATHS = (
					"$(inherited)",
					"@executable_path/Frameworks",
				);
				MARKETING_VERSION = 1.0;
				PRODUCT_BUNDLE_IDENTIFIER = com.uunwon.CocoaTouch;
				PRODUCT_NAME = "$(TARGET_NAME)";
				SWIFT_EMIT_LOC_STRINGS = YES;
				SWIFT_VERSION = 5.0;
				TARGETED_DEVICE_FAMILY = "1,2";
			};
			name = Debug;
		};
		533D91582BBF7631004C5E2E /* Release */ = {
			isa = XCBuildConfiguration;
			buildSettings = {
				ASSETCATALOG_COMPILER_APPICON_NAME = AppIcon;
				ASSETCATALOG_COMPILER_GLOBAL_ACCENT_COLOR_NAME = AccentColor;
				CODE_SIGN_STYLE = Automatic;
				CURRENT_PROJECT_VERSION = 1;
				GENERATE_INFOPLIST_FILE = YES;
				INFOPLIST_FILE = CocoaTouch/Info.plist;
				INFOPLIST_KEY_UIApplicationSupportsIndirectInputEvents = YES;
				INFOPLIST_KEY_UILaunchStoryboardName = LaunchScreen;
				INFOPLIST_KEY_UIMainStoryboardFile = Main;
				INFOPLIST_KEY_UISupportedInterfaceOrientations_iPad = "UIInterfaceOrientationPortrait UIInterfaceOrientationPortraitUpsideDown UIInterfaceOrientationLandscapeLeft UIInterfaceOrientationLandscapeRight";
				INFOPLIST_KEY_UISupportedInterfaceOrientations_iPhone = "UIInterfaceOrientationPortrait UIInterfaceOrientationLandscapeLeft UIInterfaceOrientationLandscapeRight";
				LD_RUNPATH_SEARCH_PATHS = (
					"$(inherited)",
					"@executable_path/Frameworks",
				);
				MARKETING_VERSION = 1.0;
				PRODUCT_BUNDLE_IDENTIFIER = com.uunwon.CocoaTouch;
				PRODUCT_NAME = "$(TARGET_NAME)";
				SWIFT_EMIT_LOC_STRINGS = YES;
				SWIFT_VERSION = 5.0;
				TARGETED_DEVICE_FAMILY = "1,2";
			};
			name = Release;
		};
		533D915A2BBF7631004C5E2E /* Debug */ = {
			isa = XCBuildConfiguration;
			buildSettings = {
				ALWAYS_EMBED_SWIFT_STANDARD_LIBRARIES = YES;
				BUNDLE_LOADER = "$(TEST_HOST)";
				CODE_SIGN_STYLE = Automatic;
				CURRENT_PROJECT_VERSION = 1;
				GENERATE_INFOPLIST_FILE = YES;
				IPHONEOS_DEPLOYMENT_TARGET = 17.4;
				MARKETING_VERSION = 1.0;
				PRODUCT_BUNDLE_IDENTIFIER = com.uunwon.CocoaTouchTests;
				PRODUCT_NAME = "$(TARGET_NAME)";
				SWIFT_EMIT_LOC_STRINGS = NO;
				SWIFT_VERSION = 5.0;
				TARGETED_DEVICE_FAMILY = "1,2";
				TEST_HOST = "$(BUILT_PRODUCTS_DIR)/CocoaTouch.app/$(BUNDLE_EXECUTABLE_FOLDER_PATH)/CocoaTouch";
			};
			name = Debug;
		};
		533D915B2BBF7631004C5E2E /* Release */ = {
			isa = XCBuildConfiguration;
			buildSettings = {
				ALWAYS_EMBED_SWIFT_STANDARD_LIBRARIES = YES;
				BUNDLE_LOADER = "$(TEST_HOST)";
				CODE_SIGN_STYLE = Automatic;
				CURRENT_PROJECT_VERSION = 1;
				GENERATE_INFOPLIST_FILE = YES;
				IPHONEOS_DEPLOYMENT_TARGET = 17.4;
				MARKETING_VERSION = 1.0;
				PRODUCT_BUNDLE_IDENTIFIER = com.uunwon.CocoaTouchTests;
				PRODUCT_NAME = "$(TARGET_NAME)";
				SWIFT_EMIT_LOC_STRINGS = NO;
				SWIFT_VERSION = 5.0;
				TARGETED_DEVICE_FAMILY = "1,2";
				TEST_HOST = "$(BUILT_PRODUCTS_DIR)/CocoaTouch.app/$(BUNDLE_EXECUTABLE_FOLDER_PATH)/CocoaTouch";
			};
			name = Release;
		};
		533D915D2BBF7631004C5E2E /* Debug */ = {
			isa = XCBuildConfiguration;
			buildSettings = {
				ALWAYS_EMBED_SWIFT_STANDARD_LIBRARIES = YES;
				CODE_SIGN_STYLE = Automatic;
				CURRENT_PROJECT_VERSION = 1;
				GENERATE_INFOPLIST_FILE = YES;
				MARKETING_VERSION = 1.0;
				PRODUCT_BUNDLE_IDENTIFIER = com.uunwon.CocoaTouchUITests;
				PRODUCT_NAME = "$(TARGET_NAME)";
				SWIFT_EMIT_LOC_STRINGS = NO;
				SWIFT_VERSION = 5.0;
				TARGETED_DEVICE_FAMILY = "1,2";
				TEST_TARGET_NAME = CocoaTouch;
			};
			name = Debug;
		};
		533D915E2BBF7631004C5E2E /* Release */ = {
			isa = XCBuildConfiguration;
			buildSettings = {
				ALWAYS_EMBED_SWIFT_STANDARD_LIBRARIES = YES;
				CODE_SIGN_STYLE = Automatic;
				CURRENT_PROJECT_VERSION = 1;
				GENERATE_INFOPLIST_FILE = YES;
				MARKETING_VERSION = 1.0;
				PRODUCT_BUNDLE_IDENTIFIER = com.uunwon.CocoaTouchUITests;
				PRODUCT_NAME = "$(TARGET_NAME)";
				SWIFT_EMIT_LOC_STRINGS = NO;
				SWIFT_VERSION = 5.0;
				TARGETED_DEVICE_FAMILY = "1,2";
				TEST_TARGET_NAME = CocoaTouch;
			};
			name = Release;
		};
/* End XCBuildConfiguration section */

/* Begin XCConfigurationList section */
		533D91272BBF7630004C5E2E /* Build configuration list for PBXProject "CocoaTouch" */ = {
			isa = XCConfigurationList;
			buildConfigurations = (
				533D91542BBF7631004C5E2E /* Debug */,
				533D91552BBF7631004C5E2E /* Release */,
			);
			defaultConfigurationIsVisible = 0;
			defaultConfigurationName = Release;
		};
		533D91562BBF7631004C5E2E /* Build configuration list for PBXNativeTarget "CocoaTouch" */ = {
			isa = XCConfigurationList;
			buildConfigurations = (
				533D91572BBF7631004C5E2E /* Debug */,
				533D91582BBF7631004C5E2E /* Release */,
			);
			defaultConfigurationIsVisible = 0;
			defaultConfigurationName = Release;
		};
		533D91592BBF7631004C5E2E /* Build configuration list for PBXNativeTarget "CocoaTouchTests" */ = {
			isa = XCConfigurationList;
			buildConfigurations = (
				533D915A2BBF7631004C5E2E /* Debug */,
				533D915B2BBF7631004C5E2E /* Release */,
			);
			defaultConfigurationIsVisible = 0;
			defaultConfigurationName = Release;
		};
		533D915C2BBF7631004C5E2E /* Build configuration list for PBXNativeTarget "CocoaTouchUITests" */ = {
			isa = XCConfigurationList;
			buildConfigurations = (
				533D915D2BBF7631004C5E2E /* Debug */,
				533D915E2BBF7631004C5E2E /* Release */,
			);
			defaultConfigurationIsVisible = 0;
			defaultConfigurationName = Release;
		};
/* End XCConfigurationList section */
	};
	rootObject = 533D91242BBF7630004C5E2E /* Project object */;
}
